// !$*UTF8*$!
{
	archiveVersion = 1;
	classes = {
	};
	objectVersion = 46;
	objects = {

/* Begin PBXBuildFile section */
		182109811CF0DE3100529610 /* GPUImage.framework in Frameworks */ = {isa = PBXBuildFile; fileRef = 1821097C1CF0DE0000529610 /* GPUImage.framework */; };
		182109831CF0DE5800529610 /* GPUImage.framework in CopyFiles */ = {isa = PBXBuildFile; fileRef = 1821097C1CF0DE0000529610 /* GPUImage.framework */; settings = {ATTRIBUTES = (CodeSignOnCopy, RemoveHeadersOnCopy, ); }; };
		182109881CF0E72600529610 /* JournalBackdropCell.swift in Sources */ = {isa = PBXBuildFile; fileRef = 182109871CF0E72600529610 /* JournalBackdropCell.swift */; };
		1821098A1CF1076800529610 /* JournalBubbleDecoCell.swift in Sources */ = {isa = PBXBuildFile; fileRef = 182109891CF1076800529610 /* JournalBubbleDecoCell.swift */; };
		184C067A1CBB1020008A1E37 /* AppDelegate.swift in Sources */ = {isa = PBXBuildFile; fileRef = 184C06791CBB1020008A1E37 /* AppDelegate.swift */; };
		184C067F1CBB1020008A1E37 /* Main.storyboard in Resources */ = {isa = PBXBuildFile; fileRef = 184C067D1CBB1020008A1E37 /* Main.storyboard */; };
		184C06811CBB1020008A1E37 /* Assets.xcassets in Resources */ = {isa = PBXBuildFile; fileRef = 184C06801CBB1020008A1E37 /* Assets.xcassets */; };
		184C06841CBB1020008A1E37 /* LaunchScreen.storyboard in Resources */ = {isa = PBXBuildFile; fileRef = 184C06821CBB1020008A1E37 /* LaunchScreen.storyboard */; };
		184C06911CBB11C3008A1E37 /* MainViewController.swift in Sources */ = {isa = PBXBuildFile; fileRef = 184C06901CBB11C3008A1E37 /* MainViewController.swift */; };
		184C23371CBCAC610057DCD6 /* SignInLogoView.swift in Sources */ = {isa = PBXBuildFile; fileRef = 184C23361CBCAC610057DCD6 /* SignInLogoView.swift */; };
		185514A71CD447E600B572CE /* BlurredBackbroundView.swift in Sources */ = {isa = PBXBuildFile; fileRef = 185514A61CD447E600B572CE /* BlurredBackbroundView.swift */; };
		186484991D6A24F800B8A9D2 /* CommentRenderer.swift in Sources */ = {isa = PBXBuildFile; fileRef = 186484981D6A24F800B8A9D2 /* CommentRenderer.swift */; };
		1864849D1D6A2FF600B8A9D2 /* DetailCacheController.swift in Sources */ = {isa = PBXBuildFile; fileRef = 1864849C1D6A2FF600B8A9D2 /* DetailCacheController.swift */; };
		186AF5541D5830CB00A9928F /* DetailMetadataSectionView.swift in Sources */ = {isa = PBXBuildFile; fileRef = 186AF5531D5830CB00A9928F /* DetailMetadataSectionView.swift */; };
		186AF5571D5836C300A9928F /* DetailEndingSectionView.swift in Sources */ = {isa = PBXBuildFile; fileRef = 186AF5561D5836C300A9928F /* DetailEndingSectionView.swift */; };
		186AF5591D58497200A9928F /* CardAnimation.swift in Sources */ = {isa = PBXBuildFile; fileRef = 186AF5581D58497200A9928F /* CardAnimation.swift */; };
		186AF55B1D5989DB00A9928F /* DetailCommentSectionView.swift in Sources */ = {isa = PBXBuildFile; fileRef = 186AF55A1D5989DB00A9928F /* DetailCommentSectionView.swift */; };
		186AF55D1D598B6C00A9928F /* CommentModel.swift in Sources */ = {isa = PBXBuildFile; fileRef = 186AF55C1D598B6C00A9928F /* CommentModel.swift */; };
		186AF55F1D598C5000A9928F /* DetailLightBoxViewController.swift in Sources */ = {isa = PBXBuildFile; fileRef = 186AF55E1D598C5000A9928F /* DetailLightBoxViewController.swift */; };
		186AF5611D598C7D00A9928F /* DetailLightBoxImageViewController.swift in Sources */ = {isa = PBXBuildFile; fileRef = 186AF5601D598C7D00A9928F /* DetailLightBoxImageViewController.swift */; };
		186AF5631D59905F00A9928F /* DetailLightBoxPresentationController.swift in Sources */ = {isa = PBXBuildFile; fileRef = 186AF5621D59905F00A9928F /* DetailLightBoxPresentationController.swift */; };
		186AF5651D5AD54200A9928F /* DetailLightBoxAnimation.swift in Sources */ = {isa = PBXBuildFile; fileRef = 186AF5641D5AD54200A9928F /* DetailLightBoxAnimation.swift */; };
		186AF5671D5AD5B700A9928F /* DetailLightBoxAnimationSource.swift in Sources */ = {isa = PBXBuildFile; fileRef = 186AF5661D5AD5B700A9928F /* DetailLightBoxAnimationSource.swift */; };
		186AF5691D5C18B700A9928F /* DeckAnimationParams.swift in Sources */ = {isa = PBXBuildFile; fileRef = 186AF5681D5C18B700A9928F /* DeckAnimationParams.swift */; };
		1870821E1D07CFFD00FDAAEB /* ThemeSelectorViewController.swift in Sources */ = {isa = PBXBuildFile; fileRef = 1870821C1D07CFFD00FDAAEB /* ThemeSelectorViewController.swift */; };
		1870821F1D07CFFD00FDAAEB /* ThemeSelectorViewController.xib in Resources */ = {isa = PBXBuildFile; fileRef = 1870821D1D07CFFD00FDAAEB /* ThemeSelectorViewController.xib */; };
		187082221D07DD9000FDAAEB /* ThemeSelectorRenderer.swift in Sources */ = {isa = PBXBuildFile; fileRef = 187082201D07DD9000FDAAEB /* ThemeSelectorRenderer.swift */; };
		187082231D07DD9000FDAAEB /* ThemeSelectorRenderer.xib in Resources */ = {isa = PBXBuildFile; fileRef = 187082211D07DD9000FDAAEB /* ThemeSelectorRenderer.xib */; };
		1870822A1D13B08C00FDAAEB /* DrawerAnimationContext.swift in Sources */ = {isa = PBXBuildFile; fileRef = 187082291D13B08C00FDAAEB /* DrawerAnimationContext.swift */; };
		1872E2E51D502CEC00F160F1 /* DetailBackgroundView.swift in Sources */ = {isa = PBXBuildFile; fileRef = 1872E2E41D502CEC00F160F1 /* DetailBackgroundView.swift */; };
		1884AA501CEE07D1002109A9 /* JournalBackgroundView.swift in Sources */ = {isa = PBXBuildFile; fileRef = 1884AA4F1CEE07D1002109A9 /* JournalBackgroundView.swift */; };
		1884AA541CEE095B002109A9 /* JournalTheme.swift in Sources */ = {isa = PBXBuildFile; fileRef = 1884AA531CEE095B002109A9 /* JournalTheme.swift */; };
		1884AA561CEE0974002109A9 /* JournalDarkTheme.swift in Sources */ = {isa = PBXBuildFile; fileRef = 1884AA551CEE0974002109A9 /* JournalDarkTheme.swift */; };
		1884AA581CEFE37E002109A9 /* StreamJournalLayoutGenerator.swift in Sources */ = {isa = PBXBuildFile; fileRef = 1884AA571CEFE37E002109A9 /* StreamJournalLayoutGenerator.swift */; };
		1884AA5E1CEFE9BE002109A9 /* JournalPhotoCell.swift in Sources */ = {isa = PBXBuildFile; fileRef = 1884AA5D1CEFE9BE002109A9 /* JournalPhotoCell.swift */; };
		1884AA601CF001A9002109A9 /* JournalLayoutTemplate.swift in Sources */ = {isa = PBXBuildFile; fileRef = 1884AA5F1CF001A9002109A9 /* JournalLayoutTemplate.swift */; };
		1884AA621CF009D0002109A9 /* JournalPhotoLayoutSpec.swift in Sources */ = {isa = PBXBuildFile; fileRef = 1884AA611CF009D0002109A9 /* JournalPhotoLayoutSpec.swift */; };
		188A57311D505EF300AA427E /* DetailDescriptionSectionView.swift in Sources */ = {isa = PBXBuildFile; fileRef = 188A57301D505EF300AA427E /* DetailDescriptionSectionView.swift */; };
		189D8BBE1D68BBB700247846 /* APIService+Cache.swift in Sources */ = {isa = PBXBuildFile; fileRef = 189D8BBD1D68BBB700247846 /* APIService+Cache.swift */; };
		18AB00241D41CCCA00895192 /* DetailViewController.swift in Sources */ = {isa = PBXBuildFile; fileRef = 18AB00221D41CCCA00895192 /* DetailViewController.swift */; };
		18BD571E1D56445300376DE8 /* DetailGalleryViewController.swift in Sources */ = {isa = PBXBuildFile; fileRef = 18BD571D1D56445300376DE8 /* DetailGalleryViewController.swift */; };
		18BD57201D56454E00376DE8 /* DetailNavigationContext.swift in Sources */ = {isa = PBXBuildFile; fileRef = 18BD571F1D56454E00376DE8 /* DetailNavigationContext.swift */; };
		18BD57221D5667BD00376DE8 /* DetailHeaderSectionView.swift in Sources */ = {isa = PBXBuildFile; fileRef = 18BD57211D5667BD00376DE8 /* DetailHeaderSectionView.swift */; };
		18BD57241D5667E300376DE8 /* UserModel.swift in Sources */ = {isa = PBXBuildFile; fileRef = 18BD57231D5667E300376DE8 /* UserModel.swift */; };
		18BD57261D56772A00376DE8 /* DetailPhotoSectionView.swift in Sources */ = {isa = PBXBuildFile; fileRef = 18BD57251D56772A00376DE8 /* DetailPhotoSectionView.swift */; };
		18BD57281D57A02500376DE8 /* DetailTagSectionView.swift in Sources */ = {isa = PBXBuildFile; fileRef = 18BD57271D57A02500376DE8 /* DetailTagSectionView.swift */; };
		32767FE93C7036D8595BB692 /* Pods_Accented.framework in Frameworks */ = {isa = PBXBuildFile; fileRef = 2350E629F6B30A7B28301141 /* Pods_Accented.framework */; };
		9B3813A91CE00DF30066D3B9 /* AppTheme.swift in Sources */ = {isa = PBXBuildFile; fileRef = 9B3813A21CE00DF30066D3B9 /* AppTheme.swift */; };
		9B3813AC1CE00DF30066D3B9 /* ThemeManager.swift in Sources */ = {isa = PBXBuildFile; fileRef = 9B3813A71CE00DF30066D3B9 /* ThemeManager.swift */; };
		9B3813AD1CE00DF30066D3B9 /* ThemeManagerEvents.swift in Sources */ = {isa = PBXBuildFile; fileRef = 9B3813A81CE00DF30066D3B9 /* ThemeManagerEvents.swift */; };
		9B3813AF1CE00DFD0066D3B9 /* HomeViewController.swift in Sources */ = {isa = PBXBuildFile; fileRef = 9B3813AE1CE00DFD0066D3B9 /* HomeViewController.swift */; };
		9B3813B31CE00F610066D3B9 /* DarkTheme.swift in Sources */ = {isa = PBXBuildFile; fileRef = 9B3813B11CE00F610066D3B9 /* DarkTheme.swift */; };
		9B3813B41CE00F610066D3B9 /* LightTheme.swift in Sources */ = {isa = PBXBuildFile; fileRef = 9B3813B21CE00F610066D3B9 /* LightTheme.swift */; };
		9B3813C71CE010770066D3B9 /* StreamLayoutBase.swift in Sources */ = {isa = PBXBuildFile; fileRef = 9B3813B71CE010770066D3B9 /* StreamLayoutBase.swift */; };
		9B3813C81CE010770066D3B9 /* StreamState.swift in Sources */ = {isa = PBXBuildFile; fileRef = 9B3813B91CE010770066D3B9 /* StreamState.swift */; };
		9B3813C91CE010770066D3B9 /* StreamViewModel.swift in Sources */ = {isa = PBXBuildFile; fileRef = 9B3813BA1CE010770066D3B9 /* StreamViewModel.swift */; };
		9B3813CA1CE010770066D3B9 /* StreamViewController.swift in Sources */ = {isa = PBXBuildFile; fileRef = 9B3813BB1CE010770066D3B9 /* StreamViewController.swift */; };
		9B3813CB1CE010770066D3B9 /* StreamViewController.xib in Resources */ = {isa = PBXBuildFile; fileRef = 9B3813BC1CE010770066D3B9 /* StreamViewController.xib */; };
		9B3813CC1CE010770066D3B9 /* StreamViewControllerDelegate.swift in Sources */ = {isa = PBXBuildFile; fileRef = 9B3813BD1CE010770066D3B9 /* StreamViewControllerDelegate.swift */; };
		9B3813CD1CE010770066D3B9 /* HeadlineTemplate.swift in Sources */ = {isa = PBXBuildFile; fileRef = 9B3813BF1CE010770066D3B9 /* HeadlineTemplate.swift */; };
		9B3813CE1CE010770066D3B9 /* QuadTemplate.swift in Sources */ = {isa = PBXBuildFile; fileRef = 9B3813C01CE010770066D3B9 /* QuadTemplate.swift */; };
		9B3813CF1CE010770066D3B9 /* SideBySideTemplate.swift in Sources */ = {isa = PBXBuildFile; fileRef = 9B3813C11CE010770066D3B9 /* SideBySideTemplate.swift */; };
		9B3813D01CE010770066D3B9 /* SingleLandscapeTemplate.swift in Sources */ = {isa = PBXBuildFile; fileRef = 9B3813C21CE010770066D3B9 /* SingleLandscapeTemplate.swift */; };
		9B3813D11CE010770066D3B9 /* StreamCardLayoutGenerator.swift in Sources */ = {isa = PBXBuildFile; fileRef = 9B3813C31CE010770066D3B9 /* StreamCardLayoutGenerator.swift */; };
		9B3813D21CE010770066D3B9 /* StreamLayoutTemplate.swift in Sources */ = {isa = PBXBuildFile; fileRef = 9B3813C41CE010770066D3B9 /* StreamLayoutTemplate.swift */; };
		9B3813D31CE010770066D3B9 /* StreamLayoutTemplateBase.swift in Sources */ = {isa = PBXBuildFile; fileRef = 9B3813C51CE010770066D3B9 /* StreamLayoutTemplateBase.swift */; };
		9B3813D41CE010770066D3B9 /* StreamTemplateGenerator.swift in Sources */ = {isa = PBXBuildFile; fileRef = 9B3813C61CE010770066D3B9 /* StreamTemplateGenerator.swift */; };
		9B3813D61CE011150066D3B9 /* HomeStreamViewController.swift in Sources */ = {isa = PBXBuildFile; fileRef = 9B3813D51CE011150066D3B9 /* HomeStreamViewController.swift */; };
		9B3813E61CE012180066D3B9 /* DefaultStreamButtonsCell.swift in Sources */ = {isa = PBXBuildFile; fileRef = 9B3813D81CE012180066D3B9 /* DefaultStreamButtonsCell.swift */; };
		9B3813E71CE012180066D3B9 /* DefaultStreamButtonsCell.xib in Resources */ = {isa = PBXBuildFile; fileRef = 9B3813D91CE012180066D3B9 /* DefaultStreamButtonsCell.xib */; };
		9B3813E81CE012180066D3B9 /* DefaultStreamHeaderNavCell.swift in Sources */ = {isa = PBXBuildFile; fileRef = 9B3813DA1CE012180066D3B9 /* DefaultStreamHeaderNavCell.swift */; };
		9B3813E91CE012180066D3B9 /* DefaultStreamHeaderNavCell.xib in Resources */ = {isa = PBXBuildFile; fileRef = 9B3813DB1CE012180066D3B9 /* DefaultStreamHeaderNavCell.xib */; };
		9B3813EA1CE012180066D3B9 /* DefaultStreamInitialLoadingCell.swift in Sources */ = {isa = PBXBuildFile; fileRef = 9B3813DC1CE012180066D3B9 /* DefaultStreamInitialLoadingCell.swift */; };
		9B3813EB1CE012180066D3B9 /* DefaultStreamInitialLoadingCell.xib in Resources */ = {isa = PBXBuildFile; fileRef = 9B3813DD1CE012180066D3B9 /* DefaultStreamInitialLoadingCell.xib */; };
		9B3813EC1CE012180066D3B9 /* DefaultStreamInlineLoadingCell.swift in Sources */ = {isa = PBXBuildFile; fileRef = 9B3813DE1CE012180066D3B9 /* DefaultStreamInlineLoadingCell.swift */; };
		9B3813ED1CE012180066D3B9 /* DefaultStreamInlineLoadingCell.xib in Resources */ = {isa = PBXBuildFile; fileRef = 9B3813DF1CE012180066D3B9 /* DefaultStreamInlineLoadingCell.xib */; };
		9B3813EE1CE012180066D3B9 /* DefaultStreamPhotoCell.swift in Sources */ = {isa = PBXBuildFile; fileRef = 9B3813E01CE012180066D3B9 /* DefaultStreamPhotoCell.swift */; };
		9B3813EF1CE012180066D3B9 /* DefaultStreamSectionFooterCell.swift in Sources */ = {isa = PBXBuildFile; fileRef = 9B3813E11CE012180066D3B9 /* DefaultStreamSectionFooterCell.swift */; };
		9B3813F01CE012180066D3B9 /* DefaultStreamSectionFooterCell.xib in Resources */ = {isa = PBXBuildFile; fileRef = 9B3813E21CE012180066D3B9 /* DefaultStreamSectionFooterCell.xib */; };
		9B3813F11CE012180066D3B9 /* DefaultStreamSectionHeaderCell.swift in Sources */ = {isa = PBXBuildFile; fileRef = 9B3813E31CE012180066D3B9 /* DefaultStreamSectionHeaderCell.swift */; };
		9B3813F21CE012180066D3B9 /* DefaultStreamSectionHeaderCell.xib in Resources */ = {isa = PBXBuildFile; fileRef = 9B3813E41CE012180066D3B9 /* DefaultStreamSectionHeaderCell.xib */; };
		9B3813F31CE012180066D3B9 /* PhotoRenderer.swift in Sources */ = {isa = PBXBuildFile; fileRef = 9B3813E51CE012180066D3B9 /* PhotoRenderer.swift */; };
		9B3813F81CE012DA0066D3B9 /* StreamEvents.swift in Sources */ = {isa = PBXBuildFile; fileRef = 9B3813F71CE012DA0066D3B9 /* StreamEvents.swift */; };
		9B3813FB1CE013200066D3B9 /* DefaultViewModel.swift in Sources */ = {isa = PBXBuildFile; fileRef = 9B3813FA1CE013200066D3B9 /* DefaultViewModel.swift */; };
		9B3814001CE01E4D0066D3B9 /* DefaultNavBlurView.swift in Sources */ = {isa = PBXBuildFile; fileRef = 9B3813FD1CE01E4D0066D3B9 /* DefaultNavBlurView.swift */; };
		9B3814011CE01E4D0066D3B9 /* DefaultStreamSelectorView.swift in Sources */ = {isa = PBXBuildFile; fileRef = 9B3813FE1CE01E4D0066D3B9 /* DefaultStreamSelectorView.swift */; };
		9B3814021CE01E4D0066D3B9 /* DefaultThemeSelectorButton.swift in Sources */ = {isa = PBXBuildFile; fileRef = 9B3813FF1CE01E4D0066D3B9 /* DefaultThemeSelectorButton.swift */; };
		9B3814051CE01EBE0066D3B9 /* DefaultStreamLayout.swift in Sources */ = {isa = PBXBuildFile; fileRef = 9B3814041CE01EBE0066D3B9 /* DefaultStreamLayout.swift */; };
		9B3AACD41CFE42A90070C495 /* JournalLightTheme.swift in Sources */ = {isa = PBXBuildFile; fileRef = 9B3AACD31CFE42A90070C495 /* JournalLightTheme.swift */; };
		9B3BA5C21D6790DB00AF588A /* APIService+Comments.swift in Sources */ = {isa = PBXBuildFile; fileRef = 9B3BA5C11D6790DB00AF588A /* APIService+Comments.swift */; };
		9B3BA5C51D67A51300AF588A /* StorageService+Comments.swift in Sources */ = {isa = PBXBuildFile; fileRef = 9B3BA5C41D67A51300AF588A /* StorageService+Comments.swift */; };
		9B3BA5C71D67A58D00AF588A /* ReplyModel.swift in Sources */ = {isa = PBXBuildFile; fileRef = 9B3BA5C61D67A58D00AF588A /* ReplyModel.swift */; };
		9B54702A1CEE44B2001F6C3C /* JournalStreamLayout.swift in Sources */ = {isa = PBXBuildFile; fileRef = 9B5470291CEE44B2001F6C3C /* JournalStreamLayout.swift */; };
		9B54707C1CEE90DF001F6C3C /* TextUtils.swift in Sources */ = {isa = PBXBuildFile; fileRef = 9B54707B1CEE90DF001F6C3C /* TextUtils.swift */; };
		9B6115CF1CCA95D3008F5257 /* APIService.swift in Sources */ = {isa = PBXBuildFile; fileRef = 9B6115CE1CCA95D3008F5257 /* APIService.swift */; };
		9B6115D31CCA978E008F5257 /* AuthenticationService.swift in Sources */ = {isa = PBXBuildFile; fileRef = 9B6115D21CCA978E008F5257 /* AuthenticationService.swift */; };
		9B6115D61CCA9944008F5257 /* GreetingsViewController.swift in Sources */ = {isa = PBXBuildFile; fileRef = 9B6115D41CCA9944008F5257 /* GreetingsViewController.swift */; };
		9B6115D71CCA9944008F5257 /* GreetingsViewController.xib in Resources */ = {isa = PBXBuildFile; fileRef = 9B6115D51CCA9944008F5257 /* GreetingsViewController.xib */; };
		9B6115DA1CCA9BAD008F5257 /* SignInViewController.swift in Sources */ = {isa = PBXBuildFile; fileRef = 9B6115D81CCA9BAD008F5257 /* SignInViewController.swift */; };
		9B6115DB1CCA9BAD008F5257 /* SignInViewController.xib in Resources */ = {isa = PBXBuildFile; fileRef = 9B6115D91CCA9BAD008F5257 /* SignInViewController.xib */; };
		9B6115DD1CCAB8F4008F5257 /* APIService+Streams.swift in Sources */ = {isa = PBXBuildFile; fileRef = 9B6115DC1CCAB8F4008F5257 /* APIService+Streams.swift */; };
		9B6115E11CCAC86C008F5257 /* StorageService.swift in Sources */ = {isa = PBXBuildFile; fileRef = 9B6115E01CCAC86C008F5257 /* StorageService.swift */; };
		9B6115E31CCAC8CE008F5257 /* StorageServiceEvents.swift in Sources */ = {isa = PBXBuildFile; fileRef = 9B6115E21CCAC8CE008F5257 /* StorageServiceEvents.swift */; };
		9B6115E61CCAC91E008F5257 /* StreamModel.swift in Sources */ = {isa = PBXBuildFile; fileRef = 9B6115E51CCAC91E008F5257 /* StreamModel.swift */; };
		9B6115E81CCAD1D2008F5257 /* StorageService+Streams.swift in Sources */ = {isa = PBXBuildFile; fileRef = 9B6115E71CCAD1D2008F5257 /* StorageService+Streams.swift */; };
		9B6115EF1CCAE151008F5257 /* PhotoModel.swift in Sources */ = {isa = PBXBuildFile; fileRef = 9B6115EE1CCAE151008F5257 /* PhotoModel.swift */; };
		9B6677031D340B0500B89009 /* NavigationService.swift in Sources */ = {isa = PBXBuildFile; fileRef = 9B6677021D340B0500B89009 /* NavigationService.swift */; };
		9B6677061D340DE400B89009 /* DetailPresentationController.swift in Sources */ = {isa = PBXBuildFile; fileRef = 9B6677051D340DE400B89009 /* DetailPresentationController.swift */; };
		9B76AB541D121540003FD4D8 /* ThemeSelectorFooterRenderer.swift in Sources */ = {isa = PBXBuildFile; fileRef = 9B76AB521D121540003FD4D8 /* ThemeSelectorFooterRenderer.swift */; };
		9B76AB551D121540003FD4D8 /* ThemeSelectorFooterRenderer.xib in Resources */ = {isa = PBXBuildFile; fileRef = 9B76AB531D121540003FD4D8 /* ThemeSelectorFooterRenderer.xib */; };
		9B786E5A1CEE256800896A4C /* ThemeableBackgroundView.swift in Sources */ = {isa = PBXBuildFile; fileRef = 9B786E591CEE256800896A4C /* ThemeableBackgroundView.swift */; };
		9B786FE01CEE3CD600896A4C /* JournalHeaderTitleCell.swift in Sources */ = {isa = PBXBuildFile; fileRef = 9B786FDE1CEE3CD600896A4C /* JournalHeaderTitleCell.swift */; };
		9B786FE11CEE3CD600896A4C /* JournalHeaderTitleCell.xib in Resources */ = {isa = PBXBuildFile; fileRef = 9B786FDF1CEE3CD600896A4C /* JournalHeaderTitleCell.xib */; };
		9B786FE31CEE3E8B00896A4C /* JournalViewModel.swift in Sources */ = {isa = PBXBuildFile; fileRef = 9B786FE21CEE3E8B00896A4C /* JournalViewModel.swift */; };
		9B89B1121D54FA8D00382744 /* DeckViewController.swift in Sources */ = {isa = PBXBuildFile; fileRef = 9B89B1111D54FA8D00382744 /* DeckViewController.swift */; };
		9B89B1141D54FBAC00382744 /* CardViewController.swift in Sources */ = {isa = PBXBuildFile; fileRef = 9B89B1131D54FBAC00382744 /* CardViewController.swift */; };
		9B89B11C1D55017100382744 /* DeckCacheController.swift in Sources */ = {isa = PBXBuildFile; fileRef = 9B89B11B1D55017100382744 /* DeckCacheController.swift */; };
		9B89B11E1D550E1400382744 /* DeckLayoutController.swift in Sources */ = {isa = PBXBuildFile; fileRef = 9B89B11D1D550E1400382744 /* DeckLayoutController.swift */; };
		9B89B1201D550F2900382744 /* DeckViewControllerDataSource.swift in Sources */ = {isa = PBXBuildFile; fileRef = 9B89B11F1D550F2900382744 /* DeckViewControllerDataSource.swift */; };
		9B8F37341D42C6B90090961E /* DetailSectionViewBase.swift in Sources */ = {isa = PBXBuildFile; fileRef = 9B8F37331D42C6B90090961E /* DetailSectionViewBase.swift */; };
		9B8F3D9B1D493ACE0090961E /* DetailProxyAnimation.swift in Sources */ = {isa = PBXBuildFile; fileRef = 9B8F3D9A1D493ACE0090961E /* DetailProxyAnimation.swift */; };
		9B94F9131D243E4200291973 /* DrawerOpenGestureController.swift in Sources */ = {isa = PBXBuildFile; fileRef = 9B94F9121D243E4200291973 /* DrawerOpenGestureController.swift */; };
		9B94F9151D243ED400291973 /* DrawerDismissGestureController.swift in Sources */ = {isa = PBXBuildFile; fileRef = 9B94F9141D243ED400291973 /* DrawerDismissGestureController.swift */; };
		9BB590031CDAB6D700E78581 /* PushButton.swift in Sources */ = {isa = PBXBuildFile; fileRef = 9BB590021CDAB6D700E78581 /* PushButton.swift */; };
		9BB590F61CDD33EB00E78581 /* BlurView.swift in Sources */ = {isa = PBXBuildFile; fileRef = 9BB590F51CDD33EB00E78581 /* BlurView.swift */; };
		9BEF07B31CDA615B0060D86C /* InlineLoadingView.swift in Sources */ = {isa = PBXBuildFile; fileRef = 9BEF07B21CDA615B0060D86C /* InlineLoadingView.swift */; };
		9BFAE2C91D6F63F300F41B70 /* RenderService.swift in Sources */ = {isa = PBXBuildFile; fileRef = 9BFAE2C81D6F63F300F41B70 /* RenderService.swift */; };
		9BFAE2D01D6F939500F41B70 /* DetailTagSectionContentView.swift in Sources */ = {isa = PBXBuildFile; fileRef = 9BFAE2CF1D6F939500F41B70 /* DetailTagSectionContentView.swift */; };
		9BFFB6231D134A0000B178F3 /* DrawerAnimationParams.swift in Sources */ = {isa = PBXBuildFile; fileRef = 9BFFB6221D134A0000B178F3 /* DrawerAnimationParams.swift */; };
		9BFFB6271D1358AD00B178F3 /* DrawerService.swift in Sources */ = {isa = PBXBuildFile; fileRef = 9BFFB6261D1358AD00B178F3 /* DrawerService.swift */; };
		9BFFB6731D136E1400B178F3 /* DrawerOpenAnimator.swift in Sources */ = {isa = PBXBuildFile; fileRef = 9BFFB6721D136E1400B178F3 /* DrawerOpenAnimator.swift */; };
		9BFFB6751D136E4100B178F3 /* DrawerDismissAnimator.swift in Sources */ = {isa = PBXBuildFile; fileRef = 9BFFB6741D136E4100B178F3 /* DrawerDismissAnimator.swift */; };
		9BFFB7511D147BA200B178F3 /* DrawerPresentationController.swift in Sources */ = {isa = PBXBuildFile; fileRef = 9BFFB7501D147BA200B178F3 /* DrawerPresentationController.swift */; };
/* End PBXBuildFile section */

/* Begin PBXContainerItemProxy section */
		1821097B1CF0DE0000529610 /* PBXContainerItemProxy */ = {
			isa = PBXContainerItemProxy;
			containerPortal = 182109761CF0DE0000529610 /* GPUImage-iOS.xcodeproj */;
			proxyType = 2;
			remoteGlobalIDString = BCD1B1251C66A262001F2BDC;
			remoteInfo = GPUImage;
		};
		1821097D1CF0DE0000529610 /* PBXContainerItemProxy */ = {
			isa = PBXContainerItemProxy;
			containerPortal = 182109761CF0DE0000529610 /* GPUImage-iOS.xcodeproj */;
			proxyType = 2;
			remoteGlobalIDString = BCD1B12F1C66A262001F2BDC;
			remoteInfo = GPUImageTests;
		};
		1821097F1CF0DE1F00529610 /* PBXContainerItemProxy */ = {
			isa = PBXContainerItemProxy;
			containerPortal = 182109761CF0DE0000529610 /* GPUImage-iOS.xcodeproj */;
			proxyType = 1;
			remoteGlobalIDString = BCD1B1241C66A262001F2BDC;
			remoteInfo = GPUImage;
		};
/* End PBXContainerItemProxy section */

/* Begin PBXCopyFilesBuildPhase section */
		182109821CF0DE4700529610 /* CopyFiles */ = {
			isa = PBXCopyFilesBuildPhase;
			buildActionMask = 2147483647;
			dstPath = "";
			dstSubfolderSpec = 10;
			files = (
				182109831CF0DE5800529610 /* GPUImage.framework in CopyFiles */,
			);
			runOnlyForDeploymentPostprocessing = 0;
		};
/* End PBXCopyFilesBuildPhase section */

/* Begin PBXFileReference section */
		182109761CF0DE0000529610 /* GPUImage-iOS.xcodeproj */ = {isa = PBXFileReference; lastKnownFileType = "wrapper.pb-project"; name = "GPUImage-iOS.xcodeproj"; path = "../../Downloads/GPUImage2-master/framework/GPUImage-iOS.xcodeproj"; sourceTree = "<group>"; };
		182109871CF0E72600529610 /* JournalBackdropCell.swift */ = {isa = PBXFileReference; fileEncoding = 4; lastKnownFileType = sourcecode.swift; path = JournalBackdropCell.swift; sourceTree = "<group>"; };
		182109891CF1076800529610 /* JournalBubbleDecoCell.swift */ = {isa = PBXFileReference; fileEncoding = 4; lastKnownFileType = sourcecode.swift; path = JournalBubbleDecoCell.swift; sourceTree = "<group>"; };
		184C06761CBB1020008A1E37 /* Accented.app */ = {isa = PBXFileReference; explicitFileType = wrapper.application; includeInIndex = 0; path = Accented.app; sourceTree = BUILT_PRODUCTS_DIR; };
		184C06791CBB1020008A1E37 /* AppDelegate.swift */ = {isa = PBXFileReference; lastKnownFileType = sourcecode.swift; path = AppDelegate.swift; sourceTree = "<group>"; };
		184C067E1CBB1020008A1E37 /* Base */ = {isa = PBXFileReference; lastKnownFileType = file.storyboard; name = Base; path = Base.lproj/Main.storyboard; sourceTree = "<group>"; };
		184C06801CBB1020008A1E37 /* Assets.xcassets */ = {isa = PBXFileReference; lastKnownFileType = folder.assetcatalog; path = Assets.xcassets; sourceTree = "<group>"; };
		184C06831CBB1020008A1E37 /* Base */ = {isa = PBXFileReference; lastKnownFileType = file.storyboard; name = Base; path = Base.lproj/LaunchScreen.storyboard; sourceTree = "<group>"; };
		184C06851CBB1020008A1E37 /* Info.plist */ = {isa = PBXFileReference; lastKnownFileType = text.plist.xml; path = Info.plist; sourceTree = "<group>"; };
		184C06901CBB11C3008A1E37 /* MainViewController.swift */ = {isa = PBXFileReference; fileEncoding = 4; lastKnownFileType = sourcecode.swift; path = MainViewController.swift; sourceTree = "<group>"; };
		184C23361CBCAC610057DCD6 /* SignInLogoView.swift */ = {isa = PBXFileReference; fileEncoding = 4; lastKnownFileType = sourcecode.swift; path = SignInLogoView.swift; sourceTree = "<group>"; };
		185514A61CD447E600B572CE /* BlurredBackbroundView.swift */ = {isa = PBXFileReference; fileEncoding = 4; lastKnownFileType = sourcecode.swift; path = BlurredBackbroundView.swift; sourceTree = "<group>"; };
		186484981D6A24F800B8A9D2 /* CommentRenderer.swift */ = {isa = PBXFileReference; fileEncoding = 4; lastKnownFileType = sourcecode.swift; path = CommentRenderer.swift; sourceTree = "<group>"; };
		1864849C1D6A2FF600B8A9D2 /* DetailCacheController.swift */ = {isa = PBXFileReference; fileEncoding = 4; lastKnownFileType = sourcecode.swift; path = DetailCacheController.swift; sourceTree = "<group>"; };
		186AF5531D5830CB00A9928F /* DetailMetadataSectionView.swift */ = {isa = PBXFileReference; fileEncoding = 4; lastKnownFileType = sourcecode.swift; path = DetailMetadataSectionView.swift; sourceTree = "<group>"; };
		186AF5561D5836C300A9928F /* DetailEndingSectionView.swift */ = {isa = PBXFileReference; fileEncoding = 4; lastKnownFileType = sourcecode.swift; path = DetailEndingSectionView.swift; sourceTree = "<group>"; };
		186AF5581D58497200A9928F /* CardAnimation.swift */ = {isa = PBXFileReference; fileEncoding = 4; lastKnownFileType = sourcecode.swift; path = CardAnimation.swift; sourceTree = "<group>"; };
		186AF55A1D5989DB00A9928F /* DetailCommentSectionView.swift */ = {isa = PBXFileReference; fileEncoding = 4; lastKnownFileType = sourcecode.swift; path = DetailCommentSectionView.swift; sourceTree = "<group>"; };
		186AF55C1D598B6C00A9928F /* CommentModel.swift */ = {isa = PBXFileReference; fileEncoding = 4; lastKnownFileType = sourcecode.swift; path = CommentModel.swift; sourceTree = "<group>"; };
		186AF55E1D598C5000A9928F /* DetailLightBoxViewController.swift */ = {isa = PBXFileReference; fileEncoding = 4; lastKnownFileType = sourcecode.swift; path = DetailLightBoxViewController.swift; sourceTree = "<group>"; };
		186AF5601D598C7D00A9928F /* DetailLightBoxImageViewController.swift */ = {isa = PBXFileReference; fileEncoding = 4; lastKnownFileType = sourcecode.swift; path = DetailLightBoxImageViewController.swift; sourceTree = "<group>"; };
		186AF5621D59905F00A9928F /* DetailLightBoxPresentationController.swift */ = {isa = PBXFileReference; fileEncoding = 4; lastKnownFileType = sourcecode.swift; path = DetailLightBoxPresentationController.swift; sourceTree = "<group>"; };
		186AF5641D5AD54200A9928F /* DetailLightBoxAnimation.swift */ = {isa = PBXFileReference; fileEncoding = 4; lastKnownFileType = sourcecode.swift; path = DetailLightBoxAnimation.swift; sourceTree = "<group>"; };
		186AF5661D5AD5B700A9928F /* DetailLightBoxAnimationSource.swift */ = {isa = PBXFileReference; fileEncoding = 4; lastKnownFileType = sourcecode.swift; path = DetailLightBoxAnimationSource.swift; sourceTree = "<group>"; };
		186AF5681D5C18B700A9928F /* DeckAnimationParams.swift */ = {isa = PBXFileReference; fileEncoding = 4; lastKnownFileType = sourcecode.swift; path = DeckAnimationParams.swift; sourceTree = "<group>"; };
		1870821C1D07CFFD00FDAAEB /* ThemeSelectorViewController.swift */ = {isa = PBXFileReference; fileEncoding = 4; lastKnownFileType = sourcecode.swift; path = ThemeSelectorViewController.swift; sourceTree = "<group>"; };
		1870821D1D07CFFD00FDAAEB /* ThemeSelectorViewController.xib */ = {isa = PBXFileReference; fileEncoding = 4; lastKnownFileType = file.xib; path = ThemeSelectorViewController.xib; sourceTree = "<group>"; };
		187082201D07DD9000FDAAEB /* ThemeSelectorRenderer.swift */ = {isa = PBXFileReference; fileEncoding = 4; lastKnownFileType = sourcecode.swift; path = ThemeSelectorRenderer.swift; sourceTree = "<group>"; };
		187082211D07DD9000FDAAEB /* ThemeSelectorRenderer.xib */ = {isa = PBXFileReference; fileEncoding = 4; lastKnownFileType = file.xib; path = ThemeSelectorRenderer.xib; sourceTree = "<group>"; };
		187082291D13B08C00FDAAEB /* DrawerAnimationContext.swift */ = {isa = PBXFileReference; fileEncoding = 4; lastKnownFileType = sourcecode.swift; path = DrawerAnimationContext.swift; sourceTree = "<group>"; };
		1872E2E41D502CEC00F160F1 /* DetailBackgroundView.swift */ = {isa = PBXFileReference; fileEncoding = 4; lastKnownFileType = sourcecode.swift; path = DetailBackgroundView.swift; sourceTree = "<group>"; };
		1884AA4F1CEE07D1002109A9 /* JournalBackgroundView.swift */ = {isa = PBXFileReference; fileEncoding = 4; lastKnownFileType = sourcecode.swift; path = JournalBackgroundView.swift; sourceTree = "<group>"; };
		1884AA531CEE095B002109A9 /* JournalTheme.swift */ = {isa = PBXFileReference; fileEncoding = 4; lastKnownFileType = sourcecode.swift; path = JournalTheme.swift; sourceTree = "<group>"; };
		1884AA551CEE0974002109A9 /* JournalDarkTheme.swift */ = {isa = PBXFileReference; fileEncoding = 4; lastKnownFileType = sourcecode.swift; path = JournalDarkTheme.swift; sourceTree = "<group>"; };
		1884AA571CEFE37E002109A9 /* StreamJournalLayoutGenerator.swift */ = {isa = PBXFileReference; fileEncoding = 4; lastKnownFileType = sourcecode.swift; path = StreamJournalLayoutGenerator.swift; sourceTree = "<group>"; };
		1884AA5D1CEFE9BE002109A9 /* JournalPhotoCell.swift */ = {isa = PBXFileReference; fileEncoding = 4; lastKnownFileType = sourcecode.swift; path = JournalPhotoCell.swift; sourceTree = "<group>"; };
		1884AA5F1CF001A9002109A9 /* JournalLayoutTemplate.swift */ = {isa = PBXFileReference; fileEncoding = 4; lastKnownFileType = sourcecode.swift; path = JournalLayoutTemplate.swift; sourceTree = "<group>"; };
		1884AA611CF009D0002109A9 /* JournalPhotoLayoutSpec.swift */ = {isa = PBXFileReference; fileEncoding = 4; lastKnownFileType = sourcecode.swift; path = JournalPhotoLayoutSpec.swift; sourceTree = "<group>"; };
		188A57301D505EF300AA427E /* DetailDescriptionSectionView.swift */ = {isa = PBXFileReference; fileEncoding = 4; lastKnownFileType = sourcecode.swift; path = DetailDescriptionSectionView.swift; sourceTree = "<group>"; };
		189D8BBD1D68BBB700247846 /* APIService+Cache.swift */ = {isa = PBXFileReference; fileEncoding = 4; lastKnownFileType = sourcecode.swift; path = "APIService+Cache.swift"; sourceTree = "<group>"; };
		18AB00221D41CCCA00895192 /* DetailViewController.swift */ = {isa = PBXFileReference; fileEncoding = 4; lastKnownFileType = sourcecode.swift; path = DetailViewController.swift; sourceTree = "<group>"; };
		18BD571D1D56445300376DE8 /* DetailGalleryViewController.swift */ = {isa = PBXFileReference; fileEncoding = 4; lastKnownFileType = sourcecode.swift; path = DetailGalleryViewController.swift; sourceTree = "<group>"; };
		18BD571F1D56454E00376DE8 /* DetailNavigationContext.swift */ = {isa = PBXFileReference; fileEncoding = 4; lastKnownFileType = sourcecode.swift; path = DetailNavigationContext.swift; sourceTree = "<group>"; };
		18BD57211D5667BD00376DE8 /* DetailHeaderSectionView.swift */ = {isa = PBXFileReference; fileEncoding = 4; lastKnownFileType = sourcecode.swift; path = DetailHeaderSectionView.swift; sourceTree = "<group>"; };
		18BD57231D5667E300376DE8 /* UserModel.swift */ = {isa = PBXFileReference; fileEncoding = 4; lastKnownFileType = sourcecode.swift; path = UserModel.swift; sourceTree = "<group>"; };
		18BD57251D56772A00376DE8 /* DetailPhotoSectionView.swift */ = {isa = PBXFileReference; fileEncoding = 4; lastKnownFileType = sourcecode.swift; path = DetailPhotoSectionView.swift; sourceTree = "<group>"; };
		18BD57271D57A02500376DE8 /* DetailTagSectionView.swift */ = {isa = PBXFileReference; fileEncoding = 4; lastKnownFileType = sourcecode.swift; path = DetailTagSectionView.swift; sourceTree = "<group>"; };
		2350E629F6B30A7B28301141 /* Pods_Accented.framework */ = {isa = PBXFileReference; explicitFileType = wrapper.framework; includeInIndex = 0; path = Pods_Accented.framework; sourceTree = BUILT_PRODUCTS_DIR; };
		7C8149936519F90090A8A05C /* Pods-Accented.debug.xcconfig */ = {isa = PBXFileReference; includeInIndex = 1; lastKnownFileType = text.xcconfig; name = "Pods-Accented.debug.xcconfig"; path = "Pods/Target Support Files/Pods-Accented/Pods-Accented.debug.xcconfig"; sourceTree = "<group>"; };
		9B3813A21CE00DF30066D3B9 /* AppTheme.swift */ = {isa = PBXFileReference; fileEncoding = 4; lastKnownFileType = sourcecode.swift; path = AppTheme.swift; sourceTree = "<group>"; };
		9B3813A71CE00DF30066D3B9 /* ThemeManager.swift */ = {isa = PBXFileReference; fileEncoding = 4; lastKnownFileType = sourcecode.swift; path = ThemeManager.swift; sourceTree = "<group>"; };
		9B3813A81CE00DF30066D3B9 /* ThemeManagerEvents.swift */ = {isa = PBXFileReference; fileEncoding = 4; lastKnownFileType = sourcecode.swift; path = ThemeManagerEvents.swift; sourceTree = "<group>"; };
		9B3813AE1CE00DFD0066D3B9 /* HomeViewController.swift */ = {isa = PBXFileReference; fileEncoding = 4; lastKnownFileType = sourcecode.swift; path = HomeViewController.swift; sourceTree = "<group>"; };
		9B3813B11CE00F610066D3B9 /* DarkTheme.swift */ = {isa = PBXFileReference; fileEncoding = 4; lastKnownFileType = sourcecode.swift; path = DarkTheme.swift; sourceTree = "<group>"; };
		9B3813B21CE00F610066D3B9 /* LightTheme.swift */ = {isa = PBXFileReference; fileEncoding = 4; lastKnownFileType = sourcecode.swift; path = LightTheme.swift; sourceTree = "<group>"; };
		9B3813B71CE010770066D3B9 /* StreamLayoutBase.swift */ = {isa = PBXFileReference; fileEncoding = 4; lastKnownFileType = sourcecode.swift; path = StreamLayoutBase.swift; sourceTree = "<group>"; };
		9B3813B91CE010770066D3B9 /* StreamState.swift */ = {isa = PBXFileReference; fileEncoding = 4; lastKnownFileType = sourcecode.swift; path = StreamState.swift; sourceTree = "<group>"; };
		9B3813BA1CE010770066D3B9 /* StreamViewModel.swift */ = {isa = PBXFileReference; fileEncoding = 4; lastKnownFileType = sourcecode.swift; path = StreamViewModel.swift; sourceTree = "<group>"; };
		9B3813BB1CE010770066D3B9 /* StreamViewController.swift */ = {isa = PBXFileReference; fileEncoding = 4; lastKnownFileType = sourcecode.swift; path = StreamViewController.swift; sourceTree = "<group>"; };
		9B3813BC1CE010770066D3B9 /* StreamViewController.xib */ = {isa = PBXFileReference; fileEncoding = 4; lastKnownFileType = file.xib; path = StreamViewController.xib; sourceTree = "<group>"; };
		9B3813BD1CE010770066D3B9 /* StreamViewControllerDelegate.swift */ = {isa = PBXFileReference; fileEncoding = 4; lastKnownFileType = sourcecode.swift; path = StreamViewControllerDelegate.swift; sourceTree = "<group>"; };
		9B3813BF1CE010770066D3B9 /* HeadlineTemplate.swift */ = {isa = PBXFileReference; fileEncoding = 4; lastKnownFileType = sourcecode.swift; path = HeadlineTemplate.swift; sourceTree = "<group>"; };
		9B3813C01CE010770066D3B9 /* QuadTemplate.swift */ = {isa = PBXFileReference; fileEncoding = 4; lastKnownFileType = sourcecode.swift; path = QuadTemplate.swift; sourceTree = "<group>"; };
		9B3813C11CE010770066D3B9 /* SideBySideTemplate.swift */ = {isa = PBXFileReference; fileEncoding = 4; lastKnownFileType = sourcecode.swift; path = SideBySideTemplate.swift; sourceTree = "<group>"; };
		9B3813C21CE010770066D3B9 /* SingleLandscapeTemplate.swift */ = {isa = PBXFileReference; fileEncoding = 4; lastKnownFileType = sourcecode.swift; path = SingleLandscapeTemplate.swift; sourceTree = "<group>"; };
		9B3813C31CE010770066D3B9 /* StreamCardLayoutGenerator.swift */ = {isa = PBXFileReference; fileEncoding = 4; lastKnownFileType = sourcecode.swift; path = StreamCardLayoutGenerator.swift; sourceTree = "<group>"; };
		9B3813C41CE010770066D3B9 /* StreamLayoutTemplate.swift */ = {isa = PBXFileReference; fileEncoding = 4; lastKnownFileType = sourcecode.swift; path = StreamLayoutTemplate.swift; sourceTree = "<group>"; };
		9B3813C51CE010770066D3B9 /* StreamLayoutTemplateBase.swift */ = {isa = PBXFileReference; fileEncoding = 4; lastKnownFileType = sourcecode.swift; path = StreamLayoutTemplateBase.swift; sourceTree = "<group>"; };
		9B3813C61CE010770066D3B9 /* StreamTemplateGenerator.swift */ = {isa = PBXFileReference; fileEncoding = 4; lastKnownFileType = sourcecode.swift; path = StreamTemplateGenerator.swift; sourceTree = "<group>"; };
		9B3813D51CE011150066D3B9 /* HomeStreamViewController.swift */ = {isa = PBXFileReference; fileEncoding = 4; lastKnownFileType = sourcecode.swift; path = HomeStreamViewController.swift; sourceTree = "<group>"; };
		9B3813D81CE012180066D3B9 /* DefaultStreamButtonsCell.swift */ = {isa = PBXFileReference; fileEncoding = 4; lastKnownFileType = sourcecode.swift; path = DefaultStreamButtonsCell.swift; sourceTree = "<group>"; };
		9B3813D91CE012180066D3B9 /* DefaultStreamButtonsCell.xib */ = {isa = PBXFileReference; fileEncoding = 4; lastKnownFileType = file.xib; path = DefaultStreamButtonsCell.xib; sourceTree = "<group>"; };
		9B3813DA1CE012180066D3B9 /* DefaultStreamHeaderNavCell.swift */ = {isa = PBXFileReference; fileEncoding = 4; lastKnownFileType = sourcecode.swift; path = DefaultStreamHeaderNavCell.swift; sourceTree = "<group>"; };
		9B3813DB1CE012180066D3B9 /* DefaultStreamHeaderNavCell.xib */ = {isa = PBXFileReference; fileEncoding = 4; lastKnownFileType = file.xib; path = DefaultStreamHeaderNavCell.xib; sourceTree = "<group>"; };
		9B3813DC1CE012180066D3B9 /* DefaultStreamInitialLoadingCell.swift */ = {isa = PBXFileReference; fileEncoding = 4; lastKnownFileType = sourcecode.swift; path = DefaultStreamInitialLoadingCell.swift; sourceTree = "<group>"; };
		9B3813DD1CE012180066D3B9 /* DefaultStreamInitialLoadingCell.xib */ = {isa = PBXFileReference; fileEncoding = 4; lastKnownFileType = file.xib; path = DefaultStreamInitialLoadingCell.xib; sourceTree = "<group>"; };
		9B3813DE1CE012180066D3B9 /* DefaultStreamInlineLoadingCell.swift */ = {isa = PBXFileReference; fileEncoding = 4; lastKnownFileType = sourcecode.swift; path = DefaultStreamInlineLoadingCell.swift; sourceTree = "<group>"; };
		9B3813DF1CE012180066D3B9 /* DefaultStreamInlineLoadingCell.xib */ = {isa = PBXFileReference; fileEncoding = 4; lastKnownFileType = file.xib; path = DefaultStreamInlineLoadingCell.xib; sourceTree = "<group>"; };
		9B3813E01CE012180066D3B9 /* DefaultStreamPhotoCell.swift */ = {isa = PBXFileReference; fileEncoding = 4; lastKnownFileType = sourcecode.swift; path = DefaultStreamPhotoCell.swift; sourceTree = "<group>"; };
		9B3813E11CE012180066D3B9 /* DefaultStreamSectionFooterCell.swift */ = {isa = PBXFileReference; fileEncoding = 4; lastKnownFileType = sourcecode.swift; path = DefaultStreamSectionFooterCell.swift; sourceTree = "<group>"; };
		9B3813E21CE012180066D3B9 /* DefaultStreamSectionFooterCell.xib */ = {isa = PBXFileReference; fileEncoding = 4; lastKnownFileType = file.xib; path = DefaultStreamSectionFooterCell.xib; sourceTree = "<group>"; };
		9B3813E31CE012180066D3B9 /* DefaultStreamSectionHeaderCell.swift */ = {isa = PBXFileReference; fileEncoding = 4; lastKnownFileType = sourcecode.swift; path = DefaultStreamSectionHeaderCell.swift; sourceTree = "<group>"; };
		9B3813E41CE012180066D3B9 /* DefaultStreamSectionHeaderCell.xib */ = {isa = PBXFileReference; fileEncoding = 4; lastKnownFileType = file.xib; path = DefaultStreamSectionHeaderCell.xib; sourceTree = "<group>"; };
		9B3813E51CE012180066D3B9 /* PhotoRenderer.swift */ = {isa = PBXFileReference; fileEncoding = 4; lastKnownFileType = sourcecode.swift; path = PhotoRenderer.swift; sourceTree = "<group>"; };
		9B3813F71CE012DA0066D3B9 /* StreamEvents.swift */ = {isa = PBXFileReference; fileEncoding = 4; lastKnownFileType = sourcecode.swift; path = StreamEvents.swift; sourceTree = "<group>"; };
		9B3813FA1CE013200066D3B9 /* DefaultViewModel.swift */ = {isa = PBXFileReference; fileEncoding = 4; lastKnownFileType = sourcecode.swift; path = DefaultViewModel.swift; sourceTree = "<group>"; };
		9B3813FD1CE01E4D0066D3B9 /* DefaultNavBlurView.swift */ = {isa = PBXFileReference; fileEncoding = 4; lastKnownFileType = sourcecode.swift; path = DefaultNavBlurView.swift; sourceTree = "<group>"; };
		9B3813FE1CE01E4D0066D3B9 /* DefaultStreamSelectorView.swift */ = {isa = PBXFileReference; fileEncoding = 4; lastKnownFileType = sourcecode.swift; path = DefaultStreamSelectorView.swift; sourceTree = "<group>"; };
		9B3813FF1CE01E4D0066D3B9 /* DefaultThemeSelectorButton.swift */ = {isa = PBXFileReference; fileEncoding = 4; lastKnownFileType = sourcecode.swift; path = DefaultThemeSelectorButton.swift; sourceTree = "<group>"; };
		9B3814041CE01EBE0066D3B9 /* DefaultStreamLayout.swift */ = {isa = PBXFileReference; fileEncoding = 4; lastKnownFileType = sourcecode.swift; path = DefaultStreamLayout.swift; sourceTree = "<group>"; };
		9B3AACD31CFE42A90070C495 /* JournalLightTheme.swift */ = {isa = PBXFileReference; fileEncoding = 4; lastKnownFileType = sourcecode.swift; path = JournalLightTheme.swift; sourceTree = "<group>"; };
		9B3BA5C11D6790DB00AF588A /* APIService+Comments.swift */ = {isa = PBXFileReference; fileEncoding = 4; lastKnownFileType = sourcecode.swift; path = "APIService+Comments.swift"; sourceTree = "<group>"; };
		9B3BA5C41D67A51300AF588A /* StorageService+Comments.swift */ = {isa = PBXFileReference; fileEncoding = 4; lastKnownFileType = sourcecode.swift; path = "StorageService+Comments.swift"; sourceTree = "<group>"; };
		9B3BA5C61D67A58D00AF588A /* ReplyModel.swift */ = {isa = PBXFileReference; fileEncoding = 4; lastKnownFileType = sourcecode.swift; path = ReplyModel.swift; sourceTree = "<group>"; };
		9B5470291CEE44B2001F6C3C /* JournalStreamLayout.swift */ = {isa = PBXFileReference; fileEncoding = 4; lastKnownFileType = sourcecode.swift; name = JournalStreamLayout.swift; path = Accented/UI/Home/Themes/Default/Components/JournalStreamLayout.swift; sourceTree = SOURCE_ROOT; };
		9B54707B1CEE90DF001F6C3C /* TextUtils.swift */ = {isa = PBXFileReference; fileEncoding = 4; lastKnownFileType = sourcecode.swift; path = TextUtils.swift; sourceTree = "<group>"; };
		9B6115CE1CCA95D3008F5257 /* APIService.swift */ = {isa = PBXFileReference; fileEncoding = 4; lastKnownFileType = sourcecode.swift; path = APIService.swift; sourceTree = "<group>"; };
		9B6115D21CCA978E008F5257 /* AuthenticationService.swift */ = {isa = PBXFileReference; fileEncoding = 4; lastKnownFileType = sourcecode.swift; path = AuthenticationService.swift; sourceTree = "<group>"; };
		9B6115D41CCA9944008F5257 /* GreetingsViewController.swift */ = {isa = PBXFileReference; fileEncoding = 4; lastKnownFileType = sourcecode.swift; path = GreetingsViewController.swift; sourceTree = "<group>"; };
		9B6115D51CCA9944008F5257 /* GreetingsViewController.xib */ = {isa = PBXFileReference; fileEncoding = 4; lastKnownFileType = file.xib; path = GreetingsViewController.xib; sourceTree = "<group>"; };
		9B6115D81CCA9BAD008F5257 /* SignInViewController.swift */ = {isa = PBXFileReference; fileEncoding = 4; lastKnownFileType = sourcecode.swift; path = SignInViewController.swift; sourceTree = "<group>"; };
		9B6115D91CCA9BAD008F5257 /* SignInViewController.xib */ = {isa = PBXFileReference; fileEncoding = 4; lastKnownFileType = file.xib; path = SignInViewController.xib; sourceTree = "<group>"; };
		9B6115DC1CCAB8F4008F5257 /* APIService+Streams.swift */ = {isa = PBXFileReference; fileEncoding = 4; lastKnownFileType = sourcecode.swift; path = "APIService+Streams.swift"; sourceTree = "<group>"; };
		9B6115E01CCAC86C008F5257 /* StorageService.swift */ = {isa = PBXFileReference; fileEncoding = 4; lastKnownFileType = sourcecode.swift; path = StorageService.swift; sourceTree = "<group>"; };
		9B6115E21CCAC8CE008F5257 /* StorageServiceEvents.swift */ = {isa = PBXFileReference; fileEncoding = 4; lastKnownFileType = sourcecode.swift; path = StorageServiceEvents.swift; sourceTree = "<group>"; };
		9B6115E51CCAC91E008F5257 /* StreamModel.swift */ = {isa = PBXFileReference; fileEncoding = 4; lastKnownFileType = sourcecode.swift; path = StreamModel.swift; sourceTree = "<group>"; };
		9B6115E71CCAD1D2008F5257 /* StorageService+Streams.swift */ = {isa = PBXFileReference; fileEncoding = 4; lastKnownFileType = sourcecode.swift; path = "StorageService+Streams.swift"; sourceTree = "<group>"; };
		9B6115EE1CCAE151008F5257 /* PhotoModel.swift */ = {isa = PBXFileReference; fileEncoding = 4; lastKnownFileType = sourcecode.swift; path = PhotoModel.swift; sourceTree = "<group>"; };
		9B6677021D340B0500B89009 /* NavigationService.swift */ = {isa = PBXFileReference; fileEncoding = 4; lastKnownFileType = sourcecode.swift; path = NavigationService.swift; sourceTree = "<group>"; };
		9B6677051D340DE400B89009 /* DetailPresentationController.swift */ = {isa = PBXFileReference; fileEncoding = 4; lastKnownFileType = sourcecode.swift; path = DetailPresentationController.swift; sourceTree = "<group>"; };
		9B76AB521D121540003FD4D8 /* ThemeSelectorFooterRenderer.swift */ = {isa = PBXFileReference; fileEncoding = 4; lastKnownFileType = sourcecode.swift; path = ThemeSelectorFooterRenderer.swift; sourceTree = "<group>"; };
		9B76AB531D121540003FD4D8 /* ThemeSelectorFooterRenderer.xib */ = {isa = PBXFileReference; fileEncoding = 4; lastKnownFileType = file.xib; path = ThemeSelectorFooterRenderer.xib; sourceTree = "<group>"; };
		9B786E591CEE256800896A4C /* ThemeableBackgroundView.swift */ = {isa = PBXFileReference; fileEncoding = 4; lastKnownFileType = sourcecode.swift; path = ThemeableBackgroundView.swift; sourceTree = "<group>"; };
		9B786FDE1CEE3CD600896A4C /* JournalHeaderTitleCell.swift */ = {isa = PBXFileReference; fileEncoding = 4; lastKnownFileType = sourcecode.swift; name = JournalHeaderTitleCell.swift; path = Accented/UI/Home/Themes/Default/Components/JournalHeaderTitleCell.swift; sourceTree = SOURCE_ROOT; };
		9B786FDF1CEE3CD600896A4C /* JournalHeaderTitleCell.xib */ = {isa = PBXFileReference; fileEncoding = 4; lastKnownFileType = file.xib; name = JournalHeaderTitleCell.xib; path = Accented/UI/Home/Themes/Default/Components/JournalHeaderTitleCell.xib; sourceTree = SOURCE_ROOT; };
		9B786FE21CEE3E8B00896A4C /* JournalViewModel.swift */ = {isa = PBXFileReference; fileEncoding = 4; lastKnownFileType = sourcecode.swift; name = JournalViewModel.swift; path = Accented/UI/Home/Themes/Default/Components/JournalViewModel.swift; sourceTree = SOURCE_ROOT; };
		9B89B1111D54FA8D00382744 /* DeckViewController.swift */ = {isa = PBXFileReference; fileEncoding = 4; lastKnownFileType = sourcecode.swift; path = DeckViewController.swift; sourceTree = "<group>"; };
		9B89B1131D54FBAC00382744 /* CardViewController.swift */ = {isa = PBXFileReference; fileEncoding = 4; lastKnownFileType = sourcecode.swift; path = CardViewController.swift; sourceTree = "<group>"; };
		9B89B11B1D55017100382744 /* DeckCacheController.swift */ = {isa = PBXFileReference; fileEncoding = 4; lastKnownFileType = sourcecode.swift; path = DeckCacheController.swift; sourceTree = "<group>"; };
		9B89B11D1D550E1400382744 /* DeckLayoutController.swift */ = {isa = PBXFileReference; fileEncoding = 4; lastKnownFileType = sourcecode.swift; path = DeckLayoutController.swift; sourceTree = "<group>"; };
		9B89B11F1D550F2900382744 /* DeckViewControllerDataSource.swift */ = {isa = PBXFileReference; fileEncoding = 4; lastKnownFileType = sourcecode.swift; path = DeckViewControllerDataSource.swift; sourceTree = "<group>"; };
		9B8F37331D42C6B90090961E /* DetailSectionViewBase.swift */ = {isa = PBXFileReference; fileEncoding = 4; lastKnownFileType = sourcecode.swift; path = DetailSectionViewBase.swift; sourceTree = "<group>"; };
		9B8F3D9A1D493ACE0090961E /* DetailProxyAnimation.swift */ = {isa = PBXFileReference; fileEncoding = 4; lastKnownFileType = sourcecode.swift; path = DetailProxyAnimation.swift; sourceTree = "<group>"; };
		9B94F9121D243E4200291973 /* DrawerOpenGestureController.swift */ = {isa = PBXFileReference; fileEncoding = 4; lastKnownFileType = sourcecode.swift; path = DrawerOpenGestureController.swift; sourceTree = "<group>"; };
		9B94F9141D243ED400291973 /* DrawerDismissGestureController.swift */ = {isa = PBXFileReference; fileEncoding = 4; lastKnownFileType = sourcecode.swift; path = DrawerDismissGestureController.swift; sourceTree = "<group>"; };
		9BB590021CDAB6D700E78581 /* PushButton.swift */ = {isa = PBXFileReference; fileEncoding = 4; lastKnownFileType = sourcecode.swift; path = PushButton.swift; sourceTree = "<group>"; };
		9BB590F51CDD33EB00E78581 /* BlurView.swift */ = {isa = PBXFileReference; fileEncoding = 4; lastKnownFileType = sourcecode.swift; path = BlurView.swift; sourceTree = "<group>"; };
		9BEF07B21CDA615B0060D86C /* InlineLoadingView.swift */ = {isa = PBXFileReference; fileEncoding = 4; lastKnownFileType = sourcecode.swift; path = InlineLoadingView.swift; sourceTree = "<group>"; };
		9BFAE2C81D6F63F300F41B70 /* RenderService.swift */ = {isa = PBXFileReference; fileEncoding = 4; lastKnownFileType = sourcecode.swift; path = RenderService.swift; sourceTree = "<group>"; };
		9BFAE2CF1D6F939500F41B70 /* DetailTagSectionContentView.swift */ = {isa = PBXFileReference; fileEncoding = 4; lastKnownFileType = sourcecode.swift; path = DetailTagSectionContentView.swift; sourceTree = "<group>"; };
		9BFFB6221D134A0000B178F3 /* DrawerAnimationParams.swift */ = {isa = PBXFileReference; fileEncoding = 4; lastKnownFileType = sourcecode.swift; path = DrawerAnimationParams.swift; sourceTree = "<group>"; };
		9BFFB6261D1358AD00B178F3 /* DrawerService.swift */ = {isa = PBXFileReference; fileEncoding = 4; lastKnownFileType = sourcecode.swift; path = DrawerService.swift; sourceTree = "<group>"; };
		9BFFB6721D136E1400B178F3 /* DrawerOpenAnimator.swift */ = {isa = PBXFileReference; fileEncoding = 4; lastKnownFileType = sourcecode.swift; path = DrawerOpenAnimator.swift; sourceTree = "<group>"; };
		9BFFB6741D136E4100B178F3 /* DrawerDismissAnimator.swift */ = {isa = PBXFileReference; fileEncoding = 4; lastKnownFileType = sourcecode.swift; path = DrawerDismissAnimator.swift; sourceTree = "<group>"; };
		9BFFB7501D147BA200B178F3 /* DrawerPresentationController.swift */ = {isa = PBXFileReference; fileEncoding = 4; lastKnownFileType = sourcecode.swift; path = DrawerPresentationController.swift; sourceTree = "<group>"; };
		E6EE669E5A41007E2D826622 /* Pods-Accented.release.xcconfig */ = {isa = PBXFileReference; includeInIndex = 1; lastKnownFileType = text.xcconfig; name = "Pods-Accented.release.xcconfig"; path = "Pods/Target Support Files/Pods-Accented/Pods-Accented.release.xcconfig"; sourceTree = "<group>"; };
/* End PBXFileReference section */

/* Begin PBXFrameworksBuildPhase section */
		184C06731CBB1020008A1E37 /* Frameworks */ = {
			isa = PBXFrameworksBuildPhase;
			buildActionMask = 2147483647;
			files = (
				182109811CF0DE3100529610 /* GPUImage.framework in Frameworks */,
				32767FE93C7036D8595BB692 /* Pods_Accented.framework in Frameworks */,
			);
			runOnlyForDeploymentPostprocessing = 0;
		};
/* End PBXFrameworksBuildPhase section */

/* Begin PBXGroup section */
		18093AFA1CCB3AB500EFCE44 /* UI */ = {
			isa = PBXGroup;
			children = (
				9B6676FD1D34050500B89009 /* Details */,
				9B3813A01CE00DF30066D3B9 /* Home */,
				18093AFB1CCB3AB500EFCE44 /* Common */,
			);
			path = UI;
			sourceTree = "<group>";
		};
		18093AFB1CCB3AB500EFCE44 /* Common */ = {
			isa = PBXGroup;
			children = (
				9B6677011D340A5200B89009 /* Services */,
				9B5470781CEE90B3001F6C3C /* Utils */,
				185514A51CD447D900B572CE /* Components */,
			);
			path = Common;
			sourceTree = "<group>";
		};
		182109771CF0DE0000529610 /* Products */ = {
			isa = PBXGroup;
			children = (
				1821097C1CF0DE0000529610 /* GPUImage.framework */,
				1821097E1CF0DE0000529610 /* GPUImageTests.xctest */,
			);
			name = Products;
			sourceTree = "<group>";
		};
		182109861CF0E66200529610 /* Components */ = {
			isa = PBXGroup;
			children = (
			);
			path = Components;
			sourceTree = "<group>";
		};
		184C066D1CBB1020008A1E37 = {
			isa = PBXGroup;
			children = (
				182109761CF0DE0000529610 /* GPUImage-iOS.xcodeproj */,
				184C06781CBB1020008A1E37 /* Accented */,
				184C06771CBB1020008A1E37 /* Products */,
				5496ED24C9331CF47B824344 /* Pods */,
				9A4B97BF032CBEF925FBB806 /* Frameworks */,
			);
			sourceTree = "<group>";
		};
		184C06771CBB1020008A1E37 /* Products */ = {
			isa = PBXGroup;
			children = (
				184C06761CBB1020008A1E37 /* Accented.app */,
			);
			name = Products;
			sourceTree = "<group>";
		};
		184C06781CBB1020008A1E37 /* Accented */ = {
			isa = PBXGroup;
			children = (
				18093AFA1CCB3AB500EFCE44 /* UI */,
				9B6115C71CCA89A8008F5257 /* Core */,
				184C068B1CBB10C3008A1E37 /* Launch */,
				184C06791CBB1020008A1E37 /* AppDelegate.swift */,
				184C067D1CBB1020008A1E37 /* Main.storyboard */,
				184C06801CBB1020008A1E37 /* Assets.xcassets */,
				184C06821CBB1020008A1E37 /* LaunchScreen.storyboard */,
				184C06851CBB1020008A1E37 /* Info.plist */,
				184C06901CBB11C3008A1E37 /* MainViewController.swift */,
			);
			path = Accented;
			sourceTree = "<group>";
		};
		184C068B1CBB10C3008A1E37 /* Launch */ = {
			isa = PBXGroup;
			children = (
				184C23361CBCAC610057DCD6 /* SignInLogoView.swift */,
				9B6115D41CCA9944008F5257 /* GreetingsViewController.swift */,
				9B6115D51CCA9944008F5257 /* GreetingsViewController.xib */,
				9B6115D81CCA9BAD008F5257 /* SignInViewController.swift */,
				9B6115D91CCA9BAD008F5257 /* SignInViewController.xib */,
			);
			path = Launch;
			sourceTree = "<group>";
		};
		185514A51CD447D900B572CE /* Components */ = {
			isa = PBXGroup;
			children = (
				9B89B10F1D54FA7E00382744 /* Deck */,
				1870820E1D04B5EF00FDAAEB /* Drawer */,
				185514A61CD447E600B572CE /* BlurredBackbroundView.swift */,
				9BEF07B21CDA615B0060D86C /* InlineLoadingView.swift */,
				9BB590021CDAB6D700E78581 /* PushButton.swift */,
				9BB590F51CDD33EB00E78581 /* BlurView.swift */,
				9B786E591CEE256800896A4C /* ThemeableBackgroundView.swift */,
			);
			path = Components;
			sourceTree = "<group>";
		};
		186484961D6A24BC00B8A9D2 /* Renderers */ = {
			isa = PBXGroup;
			children = (
				186484981D6A24F800B8A9D2 /* CommentRenderer.swift */,
			);
			path = Renderers;
			sourceTree = "<group>";
		};
		187082091D04AF3D00FDAAEB /* ThemeSelector */ = {
			isa = PBXGroup;
			children = (
				1870821C1D07CFFD00FDAAEB /* ThemeSelectorViewController.swift */,
				1870821D1D07CFFD00FDAAEB /* ThemeSelectorViewController.xib */,
				187082201D07DD9000FDAAEB /* ThemeSelectorRenderer.swift */,
				187082211D07DD9000FDAAEB /* ThemeSelectorRenderer.xib */,
				9B76AB521D121540003FD4D8 /* ThemeSelectorFooterRenderer.swift */,
				9B76AB531D121540003FD4D8 /* ThemeSelectorFooterRenderer.xib */,
			);
			path = ThemeSelector;
			sourceTree = "<group>";
		};
		1870820E1D04B5EF00FDAAEB /* Drawer */ = {
			isa = PBXGroup;
			children = (
				9BFFB6221D134A0000B178F3 /* DrawerAnimationParams.swift */,
				9BFFB6261D1358AD00B178F3 /* DrawerService.swift */,
				9BFFB6721D136E1400B178F3 /* DrawerOpenAnimator.swift */,
				9BFFB6741D136E4100B178F3 /* DrawerDismissAnimator.swift */,
				187082291D13B08C00FDAAEB /* DrawerAnimationContext.swift */,
				9BFFB7501D147BA200B178F3 /* DrawerPresentationController.swift */,
				9B94F9121D243E4200291973 /* DrawerOpenGestureController.swift */,
				9B94F9141D243ED400291973 /* DrawerDismissGestureController.swift */,
			);
			path = Drawer;
			sourceTree = "<group>";
		};
		1872E2E21D502CD900F160F1 /* Components */ = {
			isa = PBXGroup;
			children = (
				1872E2E41D502CEC00F160F1 /* DetailBackgroundView.swift */,
				1864849C1D6A2FF600B8A9D2 /* DetailCacheController.swift */,
				9BFAE2CF1D6F939500F41B70 /* DetailTagSectionContentView.swift */,
			);
			path = Components;
			sourceTree = "<group>";
		};
		1884AA481CEE0542002109A9 /* Journal */ = {
			isa = PBXGroup;
			children = (
				1884AA491CEE05C8002109A9 /* Components */,
				1884AA4A1CEE05C8002109A9 /* Layout */,
				1884AA4B1CEE05C8002109A9 /* Models */,
				1884AA4C1CEE05C8002109A9 /* Renderers */,
				1884AA531CEE095B002109A9 /* JournalTheme.swift */,
				1884AA551CEE0974002109A9 /* JournalDarkTheme.swift */,
				9B3AACD31CFE42A90070C495 /* JournalLightTheme.swift */,
			);
			path = Journal;
			sourceTree = "<group>";
		};
		1884AA491CEE05C8002109A9 /* Components */ = {
			isa = PBXGroup;
			children = (
				1884AA4F1CEE07D1002109A9 /* JournalBackgroundView.swift */,
			);
			path = Components;
			sourceTree = "<group>";
		};
		1884AA4A1CEE05C8002109A9 /* Layout */ = {
			isa = PBXGroup;
			children = (
				9B5470291CEE44B2001F6C3C /* JournalStreamLayout.swift */,
				1884AA611CF009D0002109A9 /* JournalPhotoLayoutSpec.swift */,
			);
			path = Layout;
			sourceTree = "<group>";
		};
		1884AA4B1CEE05C8002109A9 /* Models */ = {
			isa = PBXGroup;
			children = (
				9B786FE21CEE3E8B00896A4C /* JournalViewModel.swift */,
			);
			path = Models;
			sourceTree = "<group>";
		};
		1884AA4C1CEE05C8002109A9 /* Renderers */ = {
			isa = PBXGroup;
			children = (
				9B786FDE1CEE3CD600896A4C /* JournalHeaderTitleCell.swift */,
				9B786FDF1CEE3CD600896A4C /* JournalHeaderTitleCell.xib */,
				1884AA5D1CEFE9BE002109A9 /* JournalPhotoCell.swift */,
				182109871CF0E72600529610 /* JournalBackdropCell.swift */,
				182109891CF1076800529610 /* JournalBubbleDecoCell.swift */,
			);
			path = Renderers;
			sourceTree = "<group>";
		};
		5496ED24C9331CF47B824344 /* Pods */ = {
			isa = PBXGroup;
			children = (
				7C8149936519F90090A8A05C /* Pods-Accented.debug.xcconfig */,
				E6EE669E5A41007E2D826622 /* Pods-Accented.release.xcconfig */,
			);
			name = Pods;
			sourceTree = "<group>";
		};
		9A4B97BF032CBEF925FBB806 /* Frameworks */ = {
			isa = PBXGroup;
			children = (
				2350E629F6B30A7B28301141 /* Pods_Accented.framework */,
			);
			name = Frameworks;
			sourceTree = "<group>";
		};
		9B3813A01CE00DF30066D3B9 /* Home */ = {
			isa = PBXGroup;
			children = (
				182109861CF0E66200529610 /* Components */,
				9B3813F41CE012B80066D3B9 /* Events */,
				9B3813B51CE010770066D3B9 /* Stream */,
				9B3813A11CE00DF30066D3B9 /* Themes */,
				9B3813AE1CE00DFD0066D3B9 /* HomeViewController.swift */,
				9B3813D51CE011150066D3B9 /* HomeStreamViewController.swift */,
			);
			path = Home;
			sourceTree = "<group>";
		};
		9B3813A11CE00DF30066D3B9 /* Themes */ = {
			isa = PBXGroup;
			children = (
				187082091D04AF3D00FDAAEB /* ThemeSelector */,
				9B3813A21CE00DF30066D3B9 /* AppTheme.swift */,
				1884AA481CEE0542002109A9 /* Journal */,
				9B3813B01CE00F610066D3B9 /* Default */,
				9B3813A71CE00DF30066D3B9 /* ThemeManager.swift */,
				9B3813A81CE00DF30066D3B9 /* ThemeManagerEvents.swift */,
			);
			path = Themes;
			sourceTree = "<group>";
		};
		9B3813B01CE00F610066D3B9 /* Default */ = {
			isa = PBXGroup;
			children = (
				9B3814031CE01EBE0066D3B9 /* Layout */,
				9B3813FC1CE01E4D0066D3B9 /* Components */,
				9B3813F91CE013200066D3B9 /* Models */,
				9B3813D71CE012180066D3B9 /* Renderers */,
				9B3813B11CE00F610066D3B9 /* DarkTheme.swift */,
				9B3813B21CE00F610066D3B9 /* LightTheme.swift */,
			);
			path = Default;
			sourceTree = "<group>";
		};
		9B3813B51CE010770066D3B9 /* Stream */ = {
			isa = PBXGroup;
			children = (
				9B3813B61CE010770066D3B9 /* Layout */,
				9B3813B81CE010770066D3B9 /* Models */,
				9B3813BB1CE010770066D3B9 /* StreamViewController.swift */,
				9B3813BC1CE010770066D3B9 /* StreamViewController.xib */,
				9B3813BD1CE010770066D3B9 /* StreamViewControllerDelegate.swift */,
				9B3813BE1CE010770066D3B9 /* Templates */,
			);
			path = Stream;
			sourceTree = "<group>";
		};
		9B3813B61CE010770066D3B9 /* Layout */ = {
			isa = PBXGroup;
			children = (
				9B3813B71CE010770066D3B9 /* StreamLayoutBase.swift */,
			);
			path = Layout;
			sourceTree = "<group>";
		};
		9B3813B81CE010770066D3B9 /* Models */ = {
			isa = PBXGroup;
			children = (
				9B3813B91CE010770066D3B9 /* StreamState.swift */,
				9B3813BA1CE010770066D3B9 /* StreamViewModel.swift */,
			);
			path = Models;
			sourceTree = "<group>";
		};
		9B3813BE1CE010770066D3B9 /* Templates */ = {
			isa = PBXGroup;
			children = (
				9B3813BF1CE010770066D3B9 /* HeadlineTemplate.swift */,
				9B3813C01CE010770066D3B9 /* QuadTemplate.swift */,
				9B3813C11CE010770066D3B9 /* SideBySideTemplate.swift */,
				9B3813C21CE010770066D3B9 /* SingleLandscapeTemplate.swift */,
				9B3813C31CE010770066D3B9 /* StreamCardLayoutGenerator.swift */,
				9B3813C41CE010770066D3B9 /* StreamLayoutTemplate.swift */,
				9B3813C51CE010770066D3B9 /* StreamLayoutTemplateBase.swift */,
				9B3813C61CE010770066D3B9 /* StreamTemplateGenerator.swift */,
				1884AA571CEFE37E002109A9 /* StreamJournalLayoutGenerator.swift */,
				1884AA5F1CF001A9002109A9 /* JournalLayoutTemplate.swift */,
			);
			path = Templates;
			sourceTree = "<group>";
		};
		9B3813D71CE012180066D3B9 /* Renderers */ = {
			isa = PBXGroup;
			children = (
				9B3813D81CE012180066D3B9 /* DefaultStreamButtonsCell.swift */,
				9B3813D91CE012180066D3B9 /* DefaultStreamButtonsCell.xib */,
				9B3813DA1CE012180066D3B9 /* DefaultStreamHeaderNavCell.swift */,
				9B3813DB1CE012180066D3B9 /* DefaultStreamHeaderNavCell.xib */,
				9B3813DC1CE012180066D3B9 /* DefaultStreamInitialLoadingCell.swift */,
				9B3813DD1CE012180066D3B9 /* DefaultStreamInitialLoadingCell.xib */,
				9B3813DE1CE012180066D3B9 /* DefaultStreamInlineLoadingCell.swift */,
				9B3813DF1CE012180066D3B9 /* DefaultStreamInlineLoadingCell.xib */,
				9B3813E01CE012180066D3B9 /* DefaultStreamPhotoCell.swift */,
				9B3813E11CE012180066D3B9 /* DefaultStreamSectionFooterCell.swift */,
				9B3813E21CE012180066D3B9 /* DefaultStreamSectionFooterCell.xib */,
				9B3813E31CE012180066D3B9 /* DefaultStreamSectionHeaderCell.swift */,
				9B3813E41CE012180066D3B9 /* DefaultStreamSectionHeaderCell.xib */,
				9B3813E51CE012180066D3B9 /* PhotoRenderer.swift */,
			);
			path = Renderers;
			sourceTree = "<group>";
		};
		9B3813F41CE012B80066D3B9 /* Events */ = {
			isa = PBXGroup;
			children = (
				9B3813F71CE012DA0066D3B9 /* StreamEvents.swift */,
			);
			path = Events;
			sourceTree = "<group>";
		};
		9B3813F91CE013200066D3B9 /* Models */ = {
			isa = PBXGroup;
			children = (
				9B3813FA1CE013200066D3B9 /* DefaultViewModel.swift */,
			);
			path = Models;
			sourceTree = "<group>";
		};
		9B3813FC1CE01E4D0066D3B9 /* Components */ = {
			isa = PBXGroup;
			children = (
				9B3813FD1CE01E4D0066D3B9 /* DefaultNavBlurView.swift */,
				9B3813FE1CE01E4D0066D3B9 /* DefaultStreamSelectorView.swift */,
				9B3813FF1CE01E4D0066D3B9 /* DefaultThemeSelectorButton.swift */,
			);
			path = Components;
			sourceTree = "<group>";
		};
		9B3814031CE01EBE0066D3B9 /* Layout */ = {
			isa = PBXGroup;
			children = (
				9B3814041CE01EBE0066D3B9 /* DefaultStreamLayout.swift */,
			);
			path = Layout;
			sourceTree = "<group>";
		};
		9B5470781CEE90B3001F6C3C /* Utils */ = {
			isa = PBXGroup;
			children = (
				9B54707B1CEE90DF001F6C3C /* TextUtils.swift */,
			);
			path = Utils;
			sourceTree = "<group>";
		};
		9B6115C71CCA89A8008F5257 /* Core */ = {
			isa = PBXGroup;
			children = (
				9B6115C81CCA89A8008F5257 /* API */,
				9B6115C91CCA89A8008F5257 /* Storage */,
			);
			path = Core;
			sourceTree = "<group>";
		};
		9B6115C81CCA89A8008F5257 /* API */ = {
			isa = PBXGroup;
			children = (
				9B6115CE1CCA95D3008F5257 /* APIService.swift */,
				9B6115DC1CCAB8F4008F5257 /* APIService+Streams.swift */,
				9B6115D21CCA978E008F5257 /* AuthenticationService.swift */,
				9B3BA5C11D6790DB00AF588A /* APIService+Comments.swift */,
				189D8BBD1D68BBB700247846 /* APIService+Cache.swift */,
			);
			path = API;
			sourceTree = "<group>";
		};
		9B6115C91CCA89A8008F5257 /* Storage */ = {
			isa = PBXGroup;
			children = (
				9B6115E41CCAC901008F5257 /* Models */,
				9B6115E01CCAC86C008F5257 /* StorageService.swift */,
				9B6115E21CCAC8CE008F5257 /* StorageServiceEvents.swift */,
				9B6115E71CCAD1D2008F5257 /* StorageService+Streams.swift */,
				9B3BA5C41D67A51300AF588A /* StorageService+Comments.swift */,
			);
			path = Storage;
			sourceTree = "<group>";
		};
		9B6115E41CCAC901008F5257 /* Models */ = {
			isa = PBXGroup;
			children = (
				9B6115E51CCAC91E008F5257 /* StreamModel.swift */,
				9B6115EE1CCAE151008F5257 /* PhotoModel.swift */,
				18BD57231D5667E300376DE8 /* UserModel.swift */,
				186AF55C1D598B6C00A9928F /* CommentModel.swift */,
				9B3BA5C61D67A58D00AF588A /* ReplyModel.swift */,
			);
			path = Models;
			sourceTree = "<group>";
		};
		9B6676FD1D34050500B89009 /* Details */ = {
			isa = PBXGroup;
			children = (
				186484961D6A24BC00B8A9D2 /* Renderers */,
				1872E2E21D502CD900F160F1 /* Components */,
				9B9C9A3B1D42845D00B015F4 /* Sections */,
				9B6677041D340D6300B89009 /* Animations */,
				18AB00221D41CCCA00895192 /* DetailViewController.swift */,
				18BD571D1D56445300376DE8 /* DetailGalleryViewController.swift */,
				18BD571F1D56454E00376DE8 /* DetailNavigationContext.swift */,
				186AF55E1D598C5000A9928F /* DetailLightBoxViewController.swift */,
				186AF5601D598C7D00A9928F /* DetailLightBoxImageViewController.swift */,
			);
			path = Details;
			sourceTree = "<group>";
		};
		9B6677011D340A5200B89009 /* Services */ = {
			isa = PBXGroup;
			children = (
				9B6677021D340B0500B89009 /* NavigationService.swift */,
				9BFAE2C81D6F63F300F41B70 /* RenderService.swift */,
			);
			path = Services;
			sourceTree = "<group>";
		};
		9B6677041D340D6300B89009 /* Animations */ = {
			isa = PBXGroup;
			children = (
				9B6677051D340DE400B89009 /* DetailPresentationController.swift */,
				9B8F3D9A1D493ACE0090961E /* DetailProxyAnimation.swift */,
				186AF5621D59905F00A9928F /* DetailLightBoxPresentationController.swift */,
				186AF5641D5AD54200A9928F /* DetailLightBoxAnimation.swift */,
				186AF5661D5AD5B700A9928F /* DetailLightBoxAnimationSource.swift */,
			);
			path = Animations;
			sourceTree = "<group>";
		};
		9B89B10F1D54FA7E00382744 /* Deck */ = {
			isa = PBXGroup;
			children = (
				9B89B1111D54FA8D00382744 /* DeckViewController.swift */,
				9B89B1131D54FBAC00382744 /* CardViewController.swift */,
				9B89B11B1D55017100382744 /* DeckCacheController.swift */,
				9B89B11D1D550E1400382744 /* DeckLayoutController.swift */,
				9B89B11F1D550F2900382744 /* DeckViewControllerDataSource.swift */,
				186AF5581D58497200A9928F /* CardAnimation.swift */,
				186AF5681D5C18B700A9928F /* DeckAnimationParams.swift */,
			);
			path = Deck;
			sourceTree = "<group>";
		};
		9B9C9A3B1D42845D00B015F4 /* Sections */ = {
			isa = PBXGroup;
			children = (
				9B8F37331D42C6B90090961E /* DetailSectionViewBase.swift */,
				188A57301D505EF300AA427E /* DetailDescriptionSectionView.swift */,
				18BD57211D5667BD00376DE8 /* DetailHeaderSectionView.swift */,
				18BD57251D56772A00376DE8 /* DetailPhotoSectionView.swift */,
				18BD57271D57A02500376DE8 /* DetailTagSectionView.swift */,
				186AF5531D5830CB00A9928F /* DetailMetadataSectionView.swift */,
				186AF5561D5836C300A9928F /* DetailEndingSectionView.swift */,
				186AF55A1D5989DB00A9928F /* DetailCommentSectionView.swift */,
			);
			path = Sections;
			sourceTree = "<group>";
		};
/* End PBXGroup section */

/* Begin PBXNativeTarget section */
		184C06751CBB1020008A1E37 /* Accented */ = {
			isa = PBXNativeTarget;
			buildConfigurationList = 184C06881CBB1020008A1E37 /* Build configuration list for PBXNativeTarget "Accented" */;
			buildPhases = (
				E6CAFE10A005192502937644 /* [CP] Check Pods Manifest.lock */,
				184C06721CBB1020008A1E37 /* Sources */,
				184C06731CBB1020008A1E37 /* Frameworks */,
				184C06741CBB1020008A1E37 /* Resources */,
				182109821CF0DE4700529610 /* CopyFiles */,
				032B40E70724DD16AE364794 /* [CP] Embed Pods Frameworks */,
				94FF0D2AE2613D60350956AB /* [CP] Copy Pods Resources */,
			);
			buildRules = (
			);
			dependencies = (
				182109801CF0DE1F00529610 /* PBXTargetDependency */,
			);
			name = Accented;
			productName = Accented;
			productReference = 184C06761CBB1020008A1E37 /* Accented.app */;
			productType = "com.apple.product-type.application";
		};
/* End PBXNativeTarget section */

/* Begin PBXProject section */
		184C066E1CBB1020008A1E37 /* Project object */ = {
			isa = PBXProject;
			attributes = {
				LastSwiftUpdateCheck = 0730;
				LastUpgradeCheck = 0800;
				ORGANIZATIONNAME = "Tiangong You";
				TargetAttributes = {
					184C06751CBB1020008A1E37 = {
						CreatedOnToolsVersion = 7.3;
						LastSwiftMigration = 0800;
					};
				};
			};
			buildConfigurationList = 184C06711CBB1020008A1E37 /* Build configuration list for PBXProject "Accented" */;
			compatibilityVersion = "Xcode 3.2";
			developmentRegion = English;
			hasScannedForEncodings = 0;
			knownRegions = (
				en,
				Base,
			);
			mainGroup = 184C066D1CBB1020008A1E37;
			productRefGroup = 184C06771CBB1020008A1E37 /* Products */;
			projectDirPath = "";
			projectReferences = (
				{
					ProductGroup = 182109771CF0DE0000529610 /* Products */;
					ProjectRef = 182109761CF0DE0000529610 /* GPUImage-iOS.xcodeproj */;
				},
			);
			projectRoot = "";
			targets = (
				184C06751CBB1020008A1E37 /* Accented */,
			);
		};
/* End PBXProject section */

/* Begin PBXReferenceProxy section */
		1821097C1CF0DE0000529610 /* GPUImage.framework */ = {
			isa = PBXReferenceProxy;
			fileType = wrapper.framework;
			path = GPUImage.framework;
			remoteRef = 1821097B1CF0DE0000529610 /* PBXContainerItemProxy */;
			sourceTree = BUILT_PRODUCTS_DIR;
		};
		1821097E1CF0DE0000529610 /* GPUImageTests.xctest */ = {
			isa = PBXReferenceProxy;
			fileType = wrapper.cfbundle;
			path = GPUImageTests.xctest;
			remoteRef = 1821097D1CF0DE0000529610 /* PBXContainerItemProxy */;
			sourceTree = BUILT_PRODUCTS_DIR;
		};
/* End PBXReferenceProxy section */

/* Begin PBXResourcesBuildPhase section */
		184C06741CBB1020008A1E37 /* Resources */ = {
			isa = PBXResourcesBuildPhase;
			buildActionMask = 2147483647;
			files = (
				184C06841CBB1020008A1E37 /* LaunchScreen.storyboard in Resources */,
				9B3813E91CE012180066D3B9 /* DefaultStreamHeaderNavCell.xib in Resources */,
				9B3813EB1CE012180066D3B9 /* DefaultStreamInitialLoadingCell.xib in Resources */,
				9B3813ED1CE012180066D3B9 /* DefaultStreamInlineLoadingCell.xib in Resources */,
				9B3813F21CE012180066D3B9 /* DefaultStreamSectionHeaderCell.xib in Resources */,
				1870821F1D07CFFD00FDAAEB /* ThemeSelectorViewController.xib in Resources */,
				9B786FE11CEE3CD600896A4C /* JournalHeaderTitleCell.xib in Resources */,
				184C06811CBB1020008A1E37 /* Assets.xcassets in Resources */,
				184C067F1CBB1020008A1E37 /* Main.storyboard in Resources */,
				9B3813CB1CE010770066D3B9 /* StreamViewController.xib in Resources */,
				9B76AB551D121540003FD4D8 /* ThemeSelectorFooterRenderer.xib in Resources */,
				9B3813E71CE012180066D3B9 /* DefaultStreamButtonsCell.xib in Resources */,
				187082231D07DD9000FDAAEB /* ThemeSelectorRenderer.xib in Resources */,
				9B6115DB1CCA9BAD008F5257 /* SignInViewController.xib in Resources */,
				9B3813F01CE012180066D3B9 /* DefaultStreamSectionFooterCell.xib in Resources */,
				9B6115D71CCA9944008F5257 /* GreetingsViewController.xib in Resources */,
			);
			runOnlyForDeploymentPostprocessing = 0;
		};
/* End PBXResourcesBuildPhase section */

/* Begin PBXShellScriptBuildPhase section */
		032B40E70724DD16AE364794 /* [CP] Embed Pods Frameworks */ = {
			isa = PBXShellScriptBuildPhase;
			buildActionMask = 2147483647;
			files = (
			);
			inputPaths = (
			);
			name = "[CP] Embed Pods Frameworks";
			outputPaths = (
			);
			runOnlyForDeploymentPostprocessing = 0;
			shellPath = /bin/sh;
			shellScript = "\"${SRCROOT}/Pods/Target Support Files/Pods-Accented/Pods-Accented-frameworks.sh\"\n";
			showEnvVarsInLog = 0;
		};
		94FF0D2AE2613D60350956AB /* [CP] Copy Pods Resources */ = {
			isa = PBXShellScriptBuildPhase;
			buildActionMask = 2147483647;
			files = (
			);
			inputPaths = (
			);
			name = "[CP] Copy Pods Resources";
			outputPaths = (
			);
			runOnlyForDeploymentPostprocessing = 0;
			shellPath = /bin/sh;
			shellScript = "\"${SRCROOT}/Pods/Target Support Files/Pods-Accented/Pods-Accented-resources.sh\"\n";
			showEnvVarsInLog = 0;
		};
		E6CAFE10A005192502937644 /* [CP] Check Pods Manifest.lock */ = {
			isa = PBXShellScriptBuildPhase;
			buildActionMask = 2147483647;
			files = (
			);
			inputPaths = (
			);
			name = "[CP] Check Pods Manifest.lock";
			outputPaths = (
			);
			runOnlyForDeploymentPostprocessing = 0;
			shellPath = /bin/sh;
			shellScript = "diff \"${PODS_ROOT}/../Podfile.lock\" \"${PODS_ROOT}/Manifest.lock\" > /dev/null\nif [ $? != 0 ] ; then\n    # print error to STDERR\n    echo \"error: The sandbox is not in sync with the Podfile.lock. Run 'pod install' or update your CocoaPods installation.\" >&2\n    exit 1\nfi\n";
			showEnvVarsInLog = 0;
		};
/* End PBXShellScriptBuildPhase section */

/* Begin PBXSourcesBuildPhase section */
		184C06721CBB1020008A1E37 /* Sources */ = {
			isa = PBXSourcesBuildPhase;
			buildActionMask = 2147483647;
			files = (
				9B6677061D340DE400B89009 /* DetailPresentationController.swift in Sources */,
				189D8BBE1D68BBB700247846 /* APIService+Cache.swift in Sources */,
				9B6115DD1CCAB8F4008F5257 /* APIService+Streams.swift in Sources */,
				9B3813AF1CE00DFD0066D3B9 /* HomeViewController.swift in Sources */,
				1821098A1CF1076800529610 /* JournalBubbleDecoCell.swift in Sources */,
				9B3813EA1CE012180066D3B9 /* DefaultStreamInitialLoadingCell.swift in Sources */,
				184C06911CBB11C3008A1E37 /* MainViewController.swift in Sources */,
				9BFFB7511D147BA200B178F3 /* DrawerPresentationController.swift in Sources */,
				18AB00241D41CCCA00895192 /* DetailViewController.swift in Sources */,
				18BD57201D56454E00376DE8 /* DetailNavigationContext.swift in Sources */,
				9B6677031D340B0500B89009 /* NavigationService.swift in Sources */,
				9B3814001CE01E4D0066D3B9 /* DefaultNavBlurView.swift in Sources */,
				9B6115E31CCAC8CE008F5257 /* StorageServiceEvents.swift in Sources */,
				9B3814011CE01E4D0066D3B9 /* DefaultStreamSelectorView.swift in Sources */,
				9B3813D11CE010770066D3B9 /* StreamCardLayoutGenerator.swift in Sources */,
				9B3813E81CE012180066D3B9 /* DefaultStreamHeaderNavCell.swift in Sources */,
				1884AA561CEE0974002109A9 /* JournalDarkTheme.swift in Sources */,
				9B6115E81CCAD1D2008F5257 /* StorageService+Streams.swift in Sources */,
				9B3813C91CE010770066D3B9 /* StreamViewModel.swift in Sources */,
				186AF5631D59905F00A9928F /* DetailLightBoxPresentationController.swift in Sources */,
				18BD57241D5667E300376DE8 /* UserModel.swift in Sources */,
				186484991D6A24F800B8A9D2 /* CommentRenderer.swift in Sources */,
				9B8F37341D42C6B90090961E /* DetailSectionViewBase.swift in Sources */,
				9BEF07B31CDA615B0060D86C /* InlineLoadingView.swift in Sources */,
				9B89B1201D550F2900382744 /* DeckViewControllerDataSource.swift in Sources */,
				9B6115CF1CCA95D3008F5257 /* APIService.swift in Sources */,
				1884AA621CF009D0002109A9 /* JournalPhotoLayoutSpec.swift in Sources */,
				9B3813CD1CE010770066D3B9 /* HeadlineTemplate.swift in Sources */,
				9B786FE31CEE3E8B00896A4C /* JournalViewModel.swift in Sources */,
				9B3814021CE01E4D0066D3B9 /* DefaultThemeSelectorButton.swift in Sources */,
				184C067A1CBB1020008A1E37 /* AppDelegate.swift in Sources */,
				185514A71CD447E600B572CE /* BlurredBackbroundView.swift in Sources */,
				1884AA601CF001A9002109A9 /* JournalLayoutTemplate.swift in Sources */,
				9B3813E61CE012180066D3B9 /* DefaultStreamButtonsCell.swift in Sources */,
				184C23371CBCAC610057DCD6 /* SignInLogoView.swift in Sources */,
				9B3813D21CE010770066D3B9 /* StreamLayoutTemplate.swift in Sources */,
				9B6115DA1CCA9BAD008F5257 /* SignInViewController.swift in Sources */,
				9BFFB6231D134A0000B178F3 /* DrawerAnimationParams.swift in Sources */,
				9B54702A1CEE44B2001F6C3C /* JournalStreamLayout.swift in Sources */,
				9B6115D31CCA978E008F5257 /* AuthenticationService.swift in Sources */,
				9B3813CF1CE010770066D3B9 /* SideBySideTemplate.swift in Sources */,
				186AF55F1D598C5000A9928F /* DetailLightBoxViewController.swift in Sources */,
				186AF5591D58497200A9928F /* CardAnimation.swift in Sources */,
				9B3BA5C71D67A58D00AF588A /* ReplyModel.swift in Sources */,
				9B3813D41CE010770066D3B9 /* StreamTemplateGenerator.swift in Sources */,
				9B3813CA1CE010770066D3B9 /* StreamViewController.swift in Sources */,
				9B3813A91CE00DF30066D3B9 /* AppTheme.swift in Sources */,
				186AF5651D5AD54200A9928F /* DetailLightBoxAnimation.swift in Sources */,
				186AF5691D5C18B700A9928F /* DeckAnimationParams.swift in Sources */,
				1864849D1D6A2FF600B8A9D2 /* DetailCacheController.swift in Sources */,
				1872E2E51D502CEC00F160F1 /* DetailBackgroundView.swift in Sources */,
				9B3813B31CE00F610066D3B9 /* DarkTheme.swift in Sources */,
				9B8F3D9B1D493ACE0090961E /* DetailProxyAnimation.swift in Sources */,
				9B3813D61CE011150066D3B9 /* HomeStreamViewController.swift in Sources */,
				1870821E1D07CFFD00FDAAEB /* ThemeSelectorViewController.swift in Sources */,
				9B89B11E1D550E1400382744 /* DeckLayoutController.swift in Sources */,
				9BFFB6751D136E4100B178F3 /* DrawerDismissAnimator.swift in Sources */,
				186AF5611D598C7D00A9928F /* DetailLightBoxImageViewController.swift in Sources */,
				9B3813D31CE010770066D3B9 /* StreamLayoutTemplateBase.swift in Sources */,
				9B3814051CE01EBE0066D3B9 /* DefaultStreamLayout.swift in Sources */,
				18BD57261D56772A00376DE8 /* DetailPhotoSectionView.swift in Sources */,
				9B6115E11CCAC86C008F5257 /* StorageService.swift in Sources */,
				9B3813F31CE012180066D3B9 /* PhotoRenderer.swift in Sources */,
				9B3BA5C51D67A51300AF588A /* StorageService+Comments.swift in Sources */,
				9B3813CE1CE010770066D3B9 /* QuadTemplate.swift in Sources */,
				1884AA501CEE07D1002109A9 /* JournalBackgroundView.swift in Sources */,
				9BFFB6271D1358AD00B178F3 /* DrawerService.swift in Sources */,
				9B94F9151D243ED400291973 /* DrawerDismissGestureController.swift in Sources */,
				1870822A1D13B08C00FDAAEB /* DrawerAnimationContext.swift in Sources */,
				9B3813EF1CE012180066D3B9 /* DefaultStreamSectionFooterCell.swift in Sources */,
				9BFAE2C91D6F63F300F41B70 /* RenderService.swift in Sources */,
				9B786E5A1CEE256800896A4C /* ThemeableBackgroundView.swift in Sources */,
				9BFAE2D01D6F939500F41B70 /* DetailTagSectionContentView.swift in Sources */,
				9B3813F81CE012DA0066D3B9 /* StreamEvents.swift in Sources */,
				1884AA541CEE095B002109A9 /* JournalTheme.swift in Sources */,
				18BD57221D5667BD00376DE8 /* DetailHeaderSectionView.swift in Sources */,
				187082221D07DD9000FDAAEB /* ThemeSelectorRenderer.swift in Sources */,
				9BFFB6731D136E1400B178F3 /* DrawerOpenAnimator.swift in Sources */,
				9B3813C71CE010770066D3B9 /* StreamLayoutBase.swift in Sources */,
				9B3813AC1CE00DF30066D3B9 /* ThemeManager.swift in Sources */,
				9B3813EE1CE012180066D3B9 /* DefaultStreamPhotoCell.swift in Sources */,
				9B3813C81CE010770066D3B9 /* StreamState.swift in Sources */,
				1884AA581CEFE37E002109A9 /* StreamJournalLayoutGenerator.swift in Sources */,
				9B6115E61CCAC91E008F5257 /* StreamModel.swift in Sources */,
				9B3AACD41CFE42A90070C495 /* JournalLightTheme.swift in Sources */,
				9B76AB541D121540003FD4D8 /* ThemeSelectorFooterRenderer.swift in Sources */,
				9B94F9131D243E4200291973 /* DrawerOpenGestureController.swift in Sources */,
				9B6115EF1CCAE151008F5257 /* PhotoModel.swift in Sources */,
				18BD571E1D56445300376DE8 /* DetailGalleryViewController.swift in Sources */,
				9B786FE01CEE3CD600896A4C /* JournalHeaderTitleCell.swift in Sources */,
				9B89B1141D54FBAC00382744 /* CardViewController.swift in Sources */,
				9B3813FB1CE013200066D3B9 /* DefaultViewModel.swift in Sources */,
				18BD57281D57A02500376DE8 /* DetailTagSectionView.swift in Sources */,
				9B6115D61CCA9944008F5257 /* GreetingsViewController.swift in Sources */,
				9B89B1121D54FA8D00382744 /* DeckViewController.swift in Sources */,
				9B3BA5C21D6790DB00AF588A /* APIService+Comments.swift in Sources */,
				186AF55B1D5989DB00A9928F /* DetailCommentSectionView.swift in Sources */,
				182109881CF0E72600529610 /* JournalBackdropCell.swift in Sources */,
				9B3813CC1CE010770066D3B9 /* StreamViewControllerDelegate.swift in Sources */,
				9B3813B41CE00F610066D3B9 /* LightTheme.swift in Sources */,
				9B3813EC1CE012180066D3B9 /* DefaultStreamInlineLoadingCell.swift in Sources */,
				1884AA5E1CEFE9BE002109A9 /* JournalPhotoCell.swift in Sources */,
				9BB590031CDAB6D700E78581 /* PushButton.swift in Sources */,
				186AF5671D5AD5B700A9928F /* DetailLightBoxAnimationSource.swift in Sources */,
				9B3813AD1CE00DF30066D3B9 /* ThemeManagerEvents.swift in Sources */,
				9B3813F11CE012180066D3B9 /* DefaultStreamSectionHeaderCell.swift in Sources */,
				9BB590F61CDD33EB00E78581 /* BlurView.swift in Sources */,
				9B3813D01CE010770066D3B9 /* SingleLandscapeTemplate.swift in Sources */,
				9B89B11C1D55017100382744 /* DeckCacheController.swift in Sources */,
				9B54707C1CEE90DF001F6C3C /* TextUtils.swift in Sources */,
				186AF5541D5830CB00A9928F /* DetailMetadataSectionView.swift in Sources */,
				186AF55D1D598B6C00A9928F /* CommentModel.swift in Sources */,
				188A57311D505EF300AA427E /* DetailDescriptionSectionView.swift in Sources */,
				186AF5571D5836C300A9928F /* DetailEndingSectionView.swift in Sources */,
			);
			runOnlyForDeploymentPostprocessing = 0;
		};
/* End PBXSourcesBuildPhase section */

/* Begin PBXTargetDependency section */
		182109801CF0DE1F00529610 /* PBXTargetDependency */ = {
			isa = PBXTargetDependency;
			name = GPUImage;
			targetProxy = 1821097F1CF0DE1F00529610 /* PBXContainerItemProxy */;
		};
/* End PBXTargetDependency section */

/* Begin PBXVariantGroup section */
		184C067D1CBB1020008A1E37 /* Main.storyboard */ = {
			isa = PBXVariantGroup;
			children = (
				184C067E1CBB1020008A1E37 /* Base */,
			);
			name = Main.storyboard;
			sourceTree = "<group>";
		};
		184C06821CBB1020008A1E37 /* LaunchScreen.storyboard */ = {
			isa = PBXVariantGroup;
			children = (
				184C06831CBB1020008A1E37 /* Base */,
			);
			name = LaunchScreen.storyboard;
			sourceTree = "<group>";
		};
/* End PBXVariantGroup section */

/* Begin XCBuildConfiguration section */
		184C06861CBB1020008A1E37 /* Debug */ = {
			isa = XCBuildConfiguration;
			buildSettings = {
				ALWAYS_SEARCH_USER_PATHS = NO;
				CLANG_ANALYZER_NONNULL = YES;
				CLANG_CXX_LANGUAGE_STANDARD = "gnu++0x";
				CLANG_CXX_LIBRARY = "libc++";
				CLANG_ENABLE_MODULES = YES;
				CLANG_ENABLE_OBJC_ARC = YES;
				CLANG_WARN_BOOL_CONVERSION = YES;
				CLANG_WARN_CONSTANT_CONVERSION = YES;
				CLANG_WARN_DIRECT_OBJC_ISA_USAGE = YES_ERROR;
				CLANG_WARN_EMPTY_BODY = YES;
				CLANG_WARN_ENUM_CONVERSION = YES;
				CLANG_WARN_INFINITE_RECURSION = YES;
				CLANG_WARN_INT_CONVERSION = YES;
				CLANG_WARN_OBJC_ROOT_CLASS = YES_ERROR;
				CLANG_WARN_SUSPICIOUS_MOVE = YES;
				CLANG_WARN_UNREACHABLE_CODE = YES;
				CLANG_WARN__DUPLICATE_METHOD_MATCH = YES;
				"CODE_SIGN_IDENTITY[sdk=iphoneos*]" = "iPhone Developer";
				COPY_PHASE_STRIP = NO;
				DEBUG_INFORMATION_FORMAT = dwarf;
				ENABLE_STRICT_OBJC_MSGSEND = YES;
				ENABLE_TESTABILITY = YES;
				GCC_C_LANGUAGE_STANDARD = gnu99;
				GCC_DYNAMIC_NO_PIC = NO;
				GCC_NO_COMMON_BLOCKS = YES;
				GCC_OPTIMIZATION_LEVEL = 0;
				GCC_PREPROCESSOR_DEFINITIONS = (
					"DEBUG=1",
					"$(inherited)",
				);
				GCC_WARN_64_TO_32_BIT_CONVERSION = YES;
				GCC_WARN_ABOUT_RETURN_TYPE = YES_ERROR;
				GCC_WARN_UNDECLARED_SELECTOR = YES;
				GCC_WARN_UNINITIALIZED_AUTOS = YES_AGGRESSIVE;
				GCC_WARN_UNUSED_FUNCTION = YES;
				GCC_WARN_UNUSED_VARIABLE = YES;
				IPHONEOS_DEPLOYMENT_TARGET = 9.3;
				MTL_ENABLE_DEBUG_INFO = YES;
				ONLY_ACTIVE_ARCH = YES;
				SDKROOT = iphoneos;
				SWIFT_OPTIMIZATION_LEVEL = "-Onone";
				TARGETED_DEVICE_FAMILY = "1,2";
			};
			name = Debug;
		};
		184C06871CBB1020008A1E37 /* Release */ = {
			isa = XCBuildConfiguration;
			buildSettings = {
				ALWAYS_SEARCH_USER_PATHS = NO;
				CLANG_ANALYZER_NONNULL = YES;
				CLANG_CXX_LANGUAGE_STANDARD = "gnu++0x";
				CLANG_CXX_LIBRARY = "libc++";
				CLANG_ENABLE_MODULES = YES;
				CLANG_ENABLE_OBJC_ARC = YES;
				CLANG_WARN_BOOL_CONVERSION = YES;
				CLANG_WARN_CONSTANT_CONVERSION = YES;
				CLANG_WARN_DIRECT_OBJC_ISA_USAGE = YES_ERROR;
				CLANG_WARN_EMPTY_BODY = YES;
				CLANG_WARN_ENUM_CONVERSION = YES;
				CLANG_WARN_INFINITE_RECURSION = YES;
				CLANG_WARN_INT_CONVERSION = YES;
				CLANG_WARN_OBJC_ROOT_CLASS = YES_ERROR;
				CLANG_WARN_SUSPICIOUS_MOVE = YES;
				CLANG_WARN_UNREACHABLE_CODE = YES;
				CLANG_WARN__DUPLICATE_METHOD_MATCH = YES;
				"CODE_SIGN_IDENTITY[sdk=iphoneos*]" = "iPhone Developer";
				COPY_PHASE_STRIP = NO;
				DEBUG_INFORMATION_FORMAT = "dwarf-with-dsym";
				ENABLE_NS_ASSERTIONS = NO;
				ENABLE_STRICT_OBJC_MSGSEND = YES;
				GCC_C_LANGUAGE_STANDARD = gnu99;
				GCC_NO_COMMON_BLOCKS = YES;
				GCC_WARN_64_TO_32_BIT_CONVERSION = YES;
				GCC_WARN_ABOUT_RETURN_TYPE = YES_ERROR;
				GCC_WARN_UNDECLARED_SELECTOR = YES;
				GCC_WARN_UNINITIALIZED_AUTOS = YES_AGGRESSIVE;
				GCC_WARN_UNUSED_FUNCTION = YES;
				GCC_WARN_UNUSED_VARIABLE = YES;
				IPHONEOS_DEPLOYMENT_TARGET = 9.3;
				MTL_ENABLE_DEBUG_INFO = NO;
				SDKROOT = iphoneos;
				SWIFT_OPTIMIZATION_LEVEL = "-Owholemodule";
				TARGETED_DEVICE_FAMILY = "1,2";
				VALIDATE_PRODUCT = YES;
			};
			name = Release;
		};
		184C06891CBB1020008A1E37 /* Debug */ = {
			isa = XCBuildConfiguration;
			baseConfigurationReference = 7C8149936519F90090A8A05C /* Pods-Accented.debug.xcconfig */;
			buildSettings = {
				ALWAYS_EMBED_SWIFT_STANDARD_LIBRARIES = YES;
				ASSETCATALOG_COMPILER_APPICON_NAME = AppIcon;
				DEVELOPMENT_TEAM = 9V3CA3764U;
				INFOPLIST_FILE = Accented/Info.plist;
				LD_RUNPATH_SEARCH_PATHS = "$(inherited) @executable_path/Frameworks";
				PRODUCT_BUNDLE_IDENTIFIER = org.delphi.you.Accented;
				PRODUCT_NAME = "$(TARGET_NAME)";
				SWIFT_VERSION = 3.0;
			};
			name = Debug;
		};
		184C068A1CBB1020008A1E37 /* Release */ = {
			isa = XCBuildConfiguration;
			baseConfigurationReference = E6EE669E5A41007E2D826622 /* Pods-Accented.release.xcconfig */;
			buildSettings = {
				ALWAYS_EMBED_SWIFT_STANDARD_LIBRARIES = YES;
				ASSETCATALOG_COMPILER_APPICON_NAME = AppIcon;
				DEVELOPMENT_TEAM = 9V3CA3764U;
				INFOPLIST_FILE = Accented/Info.plist;
				LD_RUNPATH_SEARCH_PATHS = "$(inherited) @executable_path/Frameworks";
				PRODUCT_BUNDLE_IDENTIFIER = org.delphi.you.Accented;
				PRODUCT_NAME = "$(TARGET_NAME)";
				SWIFT_VERSION = 3.0;
			};
			name = Release;
		};
/* End XCBuildConfiguration section */

/* Begin XCConfigurationList section */
		184C06711CBB1020008A1E37 /* Build configuration list for PBXProject "Accented" */ = {
			isa = XCConfigurationList;
			buildConfigurations = (
				184C06861CBB1020008A1E37 /* Debug */,
				184C06871CBB1020008A1E37 /* Release */,
			);
			defaultConfigurationIsVisible = 0;
			defaultConfigurationName = Release;
		};
		184C06881CBB1020008A1E37 /* Build configuration list for PBXNativeTarget "Accented" */ = {
			isa = XCConfigurationList;
			buildConfigurations = (
				184C06891CBB1020008A1E37 /* Debug */,
				184C068A1CBB1020008A1E37 /* Release */,
			);
			defaultConfigurationIsVisible = 0;
			defaultConfigurationName = Release;
		};
/* End XCConfigurationList section */
	};
	rootObject = 184C066E1CBB1020008A1E37 /* Project object */;
}
